PODS:
  - ADAssertLayout (0.1.0)
  - ADDynamicLogLevel (2.1.0):
    - CocoaLumberjack (~> 3.0)
  - ADLayoutTest (0.1.0):
    - ADAssertLayout (~> 0.1)
    - SwiftCheck (~> 0.12)
  - ADUtils (10.0.0):
    - ADUtils/objc (= 10.0.0)
  - ADUtils/objc (10.0.0):
    - ADUtils/Swift
  - ADUtils/Swift (10.0.0)
  - Alamofire (4.8.2)
  - CocoaLumberjack (3.5.3):
    - CocoaLumberjack/Core (= 3.5.3)
  - CocoaLumberjack/Core (3.5.3)
  - CocoaLumberjack/Swift (3.5.3):
    - CocoaLumberjack/Core
  - DBDebugToolkit (0.5.0)
  - HockeySDK/CrashOnlyLib (5.1.4)
  - OCMock (3.4.3)
  - SnapshotTesting (1.5.0)
  - SwiftCheck (0.12.0)
  - SwiftGen (6.1.0)
  - SwiftLint (0.35.0)
  - Swinject (2.6.2)
  - Watchdog (5.2)

DEPENDENCIES:
  - ADDynamicLogLevel (~> 2.1)
  - ADLayoutTest (~> 0.1)
  - ADUtils (~> 10)
  - Alamofire (~> 4.8)
  - CocoaLumberjack/Swift (~> 3.5)
  - DBDebugToolkit (~> 0.5)
  - HockeySDK/CrashOnlyLib (~> 5.1)
  - OCMock (~> 3.4)
  - SnapshotTesting (~> 1.5)
  - SwiftCheck (~> 0.12)
  - SwiftGen (~> 6.0)
  - SwiftLint (~> 0.35)
  - Swinject (~> 2.4)
  - Watchdog (~> 5.1)

SPEC REPOS:
  https://github.com/CocoaPods/Specs.git:
    - ADAssertLayout
    - ADLayoutTest
    - ADUtils
    - Alamofire
    - CocoaLumberjack
    - DBDebugToolkit
    - HockeySDK
    - OCMock
    - SnapshotTesting
    - SwiftCheck
    - SwiftGen
    - SwiftLint
    - Swinject
    - Watchdog
  "ssh://git@codereview.technologies.fabernovel.com:29418/CocoaPodsSpecs":
    - ADDynamicLogLevel

SPEC CHECKSUMS:
  ADAssertLayout: bb52c24de5c1e320cef2460c9df427e95033435c
  ADDynamicLogLevel: 7b576c84ef7a96ae1aa115e66516fc68f1e86de1
  ADLayoutTest: d3cf1e3ff6035b3479fb47b88d49efb1fa926fa1
  ADUtils: 796dbfa879c5ce80d0f7fc02207aa166220413a2
  Alamofire: ae5c501addb7afdbb13687d7f2f722c78734c2d3
  CocoaLumberjack: 2f44e60eb91c176d471fdba43b9e3eae6a721947
  DBDebugToolkit: c04bb6f618051d3de447a4b4323f37826116cfed
  HockeySDK: 15afe6bc0a5bfe3a531fd73dbf082095f37dac3b
  OCMock: 43565190abc78977ad44a61c0d20d7f0784d35ab
  SnapshotTesting: 9ca1d80f6322509a035856170c11d0571b1f7171
  SwiftCheck: d1dd04d955cc76620b0f84e087536bd059a11c24
  SwiftGen: f872ca75cbd17bf7103c17f13dcfa0d9a15667b0
  SwiftLint: 5553187048b900c91aa03552807681bb6b027846
  Swinject: cf7458774b1b00323080a9c67e47a1ee7f9d2af1
  Watchdog: 622647e6bc5a55665e6dbae0b7831ad8d95abeab

PODFILE CHECKSUM: 5802c3f032c2377bbcdc536b85f069a4b7683234

COCOAPODS: 1.8.4
