// !$*UTF8*$!
{
	archiveVersion = 1;
	classes = {
	};
	objectVersion = 46;
	objects = {

/* Begin PBXBuildFile section */
		1EB7042B108C1E9E8CE74DCE /* Pods_CombineTest.framework in Frameworks */ = {isa = PBXBuildFile; fileRef = 08411AEAF625777CD0D6A123 /* Pods_CombineTest.framework */; };
		47E17214F9A4009CF12359D7 /* Pods_CombineTestTests.framework in Frameworks */ = {isa = PBXBuildFile; fileRef = D06C6332AC4E8FBA4930E980 /* Pods_CombineTestTests.framework */; };
		4959115A1D7D4FE70057C974 /* Coordinator.swift in Sources */ = {isa = PBXBuildFile; fileRef = 495911591D7D4FE70057C974 /* Coordinator.swift */; };
		4959115C1D7D4FFE0057C974 /* ApplicationCoordinator.swift in Sources */ = {isa = PBXBuildFile; fileRef = 4959115B1D7D4FFE0057C974 /* ApplicationCoordinator.swift */; };
		49595DCE1D93E11D003F1816 /* TargetSettings.swift in Sources */ = {isa = PBXBuildFile; fileRef = 49595DCD1D93E11D003F1816 /* TargetSettings.swift */; };
		496E5C411DEEF9620050EFB6 /* DependencyProvider.swift in Sources */ = {isa = PBXBuildFile; fileRef = 496E5C401DEEF9620050EFB6 /* DependencyProvider.swift */; };
		496E5C431DEEF96B0050EFB6 /* PresenterAssembly.swift in Sources */ = {isa = PBXBuildFile; fileRef = 496E5C421DEEF96B0050EFB6 /* PresenterAssembly.swift */; };
		496E5C451DEEF9720050EFB6 /* InteractorAssembly.swift in Sources */ = {isa = PBXBuildFile; fileRef = 496E5C441DEEF9720050EFB6 /* InteractorAssembly.swift */; };
		496E5C471DEEF97B0050EFB6 /* RepositoryAssembly.swift in Sources */ = {isa = PBXBuildFile; fileRef = 496E5C461DEEF97B0050EFB6 /* RepositoryAssembly.swift */; };
		496E5C491DEEF9820050EFB6 /* HelperAssembly.swift in Sources */ = {isa = PBXBuildFile; fileRef = 496E5C481DEEF9820050EFB6 /* HelperAssembly.swift */; };
		49ADDFB51F55B4DC0072B16C /* TargetSettingsDecoder.swift in Sources */ = {isa = PBXBuildFile; fileRef = 49ADDFB41F55B4DC0072B16C /* TargetSettingsDecoder.swift */; };
		49B1F7811CE4B3DB00A29BFE /* CombineTestViewTests.swift in Sources */ = {isa = PBXBuildFile; fileRef = 49B1F7801CE4B3DB00A29BFE /* CombineTestViewTests.swift */; };
		49B3B43921DF9EB800F70BCF /* DebugToolKit.swift in Sources */ = {isa = PBXBuildFile; fileRef = 49B3B43821DF9EB800F70BCF /* DebugToolKit.swift */; };
		49C385681F6831D00060D1E4 /* SharedNavigationController.swift in Sources */ = {isa = PBXBuildFile; fileRef = 49C385671F6831D00060D1E4 /* SharedNavigationController.swift */; };
		49C3856A1F68325C0060D1E4 /* SharedTabBarController.swift in Sources */ = {isa = PBXBuildFile; fileRef = 49C385691F68325C0060D1E4 /* SharedTabBarController.swift */; };
		49F7C9F51D0EDE6300086054 /* Logger.swift in Sources */ = {isa = PBXBuildFile; fileRef = 49F7C9F41D0EDE6300086054 /* Logger.swift */; };
		49F7C9F81D0EDE7100086054 /* ADFileLoggerFormatter.m in Sources */ = {isa = PBXBuildFile; fileRef = 49F7C9F71D0EDE7100086054 /* ADFileLoggerFormatter.m */; };
		57C59D681BB1478A003798DF /* Images.xcassets in Resources */ = {isa = PBXBuildFile; fileRef = 57C59D671BB1478A003798DF /* Images.xcassets */; };
		57C59D6A1BB1486B003798DF /* LaunchScreen.storyboard in Resources */ = {isa = PBXBuildFile; fileRef = 57C59D691BB1486B003798DF /* LaunchScreen.storyboard */; };
		57E1CD281C884F1C00A7DFFB /* SharedViewController.swift in Sources */ = {isa = PBXBuildFile; fileRef = 57E1CD271C884F1C00A7DFFB /* SharedViewController.swift */; };
		57E1CD491C884F8900A7DFFB /* AppDelegate.swift in Sources */ = {isa = PBXBuildFile; fileRef = 57E1CD481C884F8900A7DFFB /* AppDelegate.swift */; };
		57E1CD4D1C8890CA00A7DFFB /* Fonts.swift in Sources */ = {isa = PBXBuildFile; fileRef = 57E1CD4C1C8890CA00A7DFFB /* Fonts.swift */; };
		57F7ECC41BB0042D0095AEEC /* Localizable.strings in Resources */ = {isa = PBXBuildFile; fileRef = 57F7ECC31BB0042D0095AEEC /* Localizable.strings */; };
		57F7ECC61BB004510095AEEC /* InfoPlist.strings in Resources */ = {isa = PBXBuildFile; fileRef = 57F7ECC51BB004500095AEEC /* InfoPlist.strings */; };
		7A0EC6541535D8ED00E5F54A /* UIKit.framework in Frameworks */ = {isa = PBXBuildFile; fileRef = 7A0EC6531535D8ED00E5F54A /* UIKit.framework */; };
		7A0EC6561535D8ED00E5F54A /* Foundation.framework in Frameworks */ = {isa = PBXBuildFile; fileRef = 7A0EC6551535D8ED00E5F54A /* Foundation.framework */; };
		7A0EC6581535D8ED00E5F54A /* CoreGraphics.framework in Frameworks */ = {isa = PBXBuildFile; fileRef = 7A0EC6571535D8ED00E5F54A /* CoreGraphics.framework */; };
		872EE90622D31E29007F9EC0 /* Colors.xcassets in Resources */ = {isa = PBXBuildFile; fileRef = 872EE90522D31E29007F9EC0 /* Colors.xcassets */; };
		872EE90C22D5D3E0007F9EC0 /* CombineTestTests.swift in Sources */ = {isa = PBXBuildFile; fileRef = 872EE90B22D5D3E0007F9EC0 /* CombineTestTests.swift */; };
		92D26A34224B752D00C18FAE /* Assets.swift in Sources */ = {isa = PBXBuildFile; fileRef = 92D26A33224B752D00C18FAE /* Assets.swift */; };
		92E4DC61214BB95400431471 /* DecodingError+Debug.swift in Sources */ = {isa = PBXBuildFile; fileRef = 92E4DC60214BB95400431471 /* DecodingError+Debug.swift */; };
		E7B4FDCE22FDBEF900B39055 /* ViewStyle.swift in Sources */ = {isa = PBXBuildFile; fileRef = E7B4FDCD22FDBEF900B39055 /* ViewStyle.swift */; };
		E7B4FDD222FDBF3000B39055 /* ViewStyle+Initialization.swift in Sources */ = {isa = PBXBuildFile; fileRef = E7B4FDD122FDBF3000B39055 /* ViewStyle+Initialization.swift */; };
		E7B4FDD422FDC17F00B39055 /* ViewStyle+UIWindow.swift in Sources */ = {isa = PBXBuildFile; fileRef = E7B4FDD322FDC17F00B39055 /* ViewStyle+UIWindow.swift */; };
		E7CFD4B222F2F60B00C5B731 /* ModuleAssembly.swift in Sources */ = {isa = PBXBuildFile; fileRef = E7CFD4B122F2F60B00C5B731 /* ModuleAssembly.swift */; };
		E7FC27C022F1DB0C00EED267 /* MainThreadMonitor.swift in Sources */ = {isa = PBXBuildFile; fileRef = E7FC27BD22F1DB0C00EED267 /* MainThreadMonitor.swift */; };
		E7FC27C122F1DB0C00EED267 /* ModuleLauncher.swift in Sources */ = {isa = PBXBuildFile; fileRef = E7FC27BE22F1DB0C00EED267 /* ModuleLauncher.swift */; };
		E7FC27C222F1DB0C00EED267 /* CrashReporter.swift in Sources */ = {isa = PBXBuildFile; fileRef = E7FC27BF22F1DB0C00EED267 /* CrashReporter.swift */; };
		EA088E4C238D3FF100CCA3EA /* TestPromisesViewController.swift in Sources */ = {isa = PBXBuildFile; fileRef = EA088E4B238D3FF100CCA3EA /* TestPromisesViewController.swift */; };
		EA088E4E238D3FFF00CCA3EA /* TestPromisesViewContract.swift in Sources */ = {isa = PBXBuildFile; fileRef = EA088E4D238D3FFF00CCA3EA /* TestPromisesViewContract.swift */; };
		EA088E50238D403500CCA3EA /* TestCombineViewContract.swift in Sources */ = {isa = PBXBuildFile; fileRef = EA088E4F238D403500CCA3EA /* TestCombineViewContract.swift */; };
		EA088E54238D574C00CCA3EA /* TestCombineViewController.swift in Sources */ = {isa = PBXBuildFile; fileRef = EA088E53238D574C00CCA3EA /* TestCombineViewController.swift */; };
		EA088E56238D57C800CCA3EA /* TestPromisesPresenter.swift in Sources */ = {isa = PBXBuildFile; fileRef = EA088E55238D57C800CCA3EA /* TestPromisesPresenter.swift */; };
		EA088E58238D57D600CCA3EA /* TestPromisesPresenterImplementation.swift in Sources */ = {isa = PBXBuildFile; fileRef = EA088E57238D57D600CCA3EA /* TestPromisesPresenterImplementation.swift */; };
		EA088E5A238D57E200CCA3EA /* TestCombinePresenter.swift in Sources */ = {isa = PBXBuildFile; fileRef = EA088E59238D57E200CCA3EA /* TestCombinePresenter.swift */; };
		EA088E5C238D57F000CCA3EA /* TestCombinePresenterImplementation.swift in Sources */ = {isa = PBXBuildFile; fileRef = EA088E5B238D57F000CCA3EA /* TestCombinePresenterImplementation.swift */; };
		EA088E61238D588200CCA3EA /* HomePresenter.swift in Sources */ = {isa = PBXBuildFile; fileRef = EA088E60238D588200CCA3EA /* HomePresenter.swift */; };
		EA088E63238D588F00CCA3EA /* HomePresenterImplementation.swift in Sources */ = {isa = PBXBuildFile; fileRef = EA088E62238D588F00CCA3EA /* HomePresenterImplementation.swift */; };
		EA088E65238D589F00CCA3EA /* HomeViewContract.swift in Sources */ = {isa = PBXBuildFile; fileRef = EA088E64238D589F00CCA3EA /* HomeViewContract.swift */; };
		EA088E67238D58AA00CCA3EA /* HomeViewController.swift in Sources */ = {isa = PBXBuildFile; fileRef = EA088E66238D58AA00CCA3EA /* HomeViewController.swift */; };
		EA088E6C238DCA6D00CCA3EA /* GetBuildingsWithPromiseInteractor.swift in Sources */ = {isa = PBXBuildFile; fileRef = EA088E6B238DCA6D00CCA3EA /* GetBuildingsWithPromiseInteractor.swift */; };
		EA088E6E238DCA8300CCA3EA /* GetBuildingsWithPromiseInteractorImplementation.swift in Sources */ = {isa = PBXBuildFile; fileRef = EA088E6D238DCA8300CCA3EA /* GetBuildingsWithPromiseInteractorImplementation.swift */; };
		EA088E70238DCACD00CCA3EA /* Building.swift in Sources */ = {isa = PBXBuildFile; fileRef = EA088E6F238DCACD00CCA3EA /* Building.swift */; };
		EA088E74238DCBCF00CCA3EA /* BuildingsRepository.swift in Sources */ = {isa = PBXBuildFile; fileRef = EA088E73238DCBCF00CCA3EA /* BuildingsRepository.swift */; };
		EA088E76238DCBE000CCA3EA /* BuildingsRepositoryImplementation.swift in Sources */ = {isa = PBXBuildFile; fileRef = EA088E75238DCBE000CCA3EA /* BuildingsRepositoryImplementation.swift */; };
		EA088E78238DCBEC00CCA3EA /* RestBuilding.swift in Sources */ = {isa = PBXBuildFile; fileRef = EA088E77238DCBEC00CCA3EA /* RestBuilding.swift */; };
		EC626C5C1F9A282A001C332C /* HelveticaNeue.plist in Resources */ = {isa = PBXBuildFile; fileRef = EC626C5B1F9A282A001C332C /* HelveticaNeue.plist */; };
/* End PBXBuildFile section */

/* Begin PBXContainerItemProxy section */
		49B1F7831CE4B3DB00A29BFE /* PBXContainerItemProxy */ = {
			isa = PBXContainerItemProxy;
			containerPortal = 7A0EC6461535D8ED00E5F54A /* Project object */;
			proxyType = 1;
			remoteGlobalIDString = 7A0EC64E1535D8ED00E5F54A;
			remoteInfo = CombineTest;
		};
/* End PBXContainerItemProxy section */

/* Begin PBXFileReference section */
		08411AEAF625777CD0D6A123 /* Pods_CombineTest.framework */ = {isa = PBXFileReference; explicitFileType = wrapper.framework; includeInIndex = 0; path = Pods_CombineTest.framework; sourceTree = BUILT_PRODUCTS_DIR; };
		147C172E570244B76E9A8609 /* Pods-CombineTest.preproduction.xcconfig */ = {isa = PBXFileReference; includeInIndex = 1; lastKnownFileType = text.xcconfig; name = "Pods-CombineTest.preproduction.xcconfig"; path = "Pods/Target Support Files/Pods-CombineTest/Pods-CombineTest.preproduction.xcconfig"; sourceTree = "<group>"; };
		32D3D6308F00B6B8059A24E8 /* Pods-CombineTestTests.production.xcconfig */ = {isa = PBXFileReference; includeInIndex = 1; lastKnownFileType = text.xcconfig; name = "Pods-CombineTestTests.production.xcconfig"; path = "Pods/Target Support Files/Pods-CombineTestTests/Pods-CombineTestTests.production.xcconfig"; sourceTree = "<group>"; };
		4131DA2D9333046F6E9F313E /* Pods-CombineTestTests.distribution.xcconfig */ = {isa = PBXFileReference; includeInIndex = 1; lastKnownFileType = text.xcconfig; name = "Pods-CombineTestTests.distribution.xcconfig"; path = "Pods/Target Support Files/Pods-CombineTestTests/Pods-CombineTestTests.distribution.xcconfig"; sourceTree = "<group>"; };
		495911591D7D4FE70057C974 /* Coordinator.swift */ = {isa = PBXFileReference; fileEncoding = 4; lastKnownFileType = sourcecode.swift; path = Coordinator.swift; sourceTree = "<group>"; };
		4959115B1D7D4FFE0057C974 /* ApplicationCoordinator.swift */ = {isa = PBXFileReference; fileEncoding = 4; lastKnownFileType = sourcecode.swift; path = ApplicationCoordinator.swift; sourceTree = "<group>"; };
		49595DCD1D93E11D003F1816 /* TargetSettings.swift */ = {isa = PBXFileReference; fileEncoding = 4; lastKnownFileType = sourcecode.swift; path = TargetSettings.swift; sourceTree = "<group>"; };
		496E5C401DEEF9620050EFB6 /* DependencyProvider.swift */ = {isa = PBXFileReference; fileEncoding = 4; lastKnownFileType = sourcecode.swift; path = DependencyProvider.swift; sourceTree = "<group>"; };
		496E5C421DEEF96B0050EFB6 /* PresenterAssembly.swift */ = {isa = PBXFileReference; fileEncoding = 4; lastKnownFileType = sourcecode.swift; path = PresenterAssembly.swift; sourceTree = "<group>"; };
		496E5C441DEEF9720050EFB6 /* InteractorAssembly.swift */ = {isa = PBXFileReference; fileEncoding = 4; lastKnownFileType = sourcecode.swift; path = InteractorAssembly.swift; sourceTree = "<group>"; };
		496E5C461DEEF97B0050EFB6 /* RepositoryAssembly.swift */ = {isa = PBXFileReference; fileEncoding = 4; lastKnownFileType = sourcecode.swift; path = RepositoryAssembly.swift; sourceTree = "<group>"; };
		496E5C481DEEF9820050EFB6 /* HelperAssembly.swift */ = {isa = PBXFileReference; fileEncoding = 4; lastKnownFileType = sourcecode.swift; path = HelperAssembly.swift; sourceTree = "<group>"; };
		49ADDFB41F55B4DC0072B16C /* TargetSettingsDecoder.swift */ = {isa = PBXFileReference; lastKnownFileType = sourcecode.swift; path = TargetSettingsDecoder.swift; sourceTree = "<group>"; };
		49B1F77E1CE4B3DB00A29BFE /* CombineTestTests.xctest */ = {isa = PBXFileReference; explicitFileType = wrapper.cfbundle; includeInIndex = 0; path = CombineTestTests.xctest; sourceTree = BUILT_PRODUCTS_DIR; };
		49B1F7801CE4B3DB00A29BFE /* CombineTestViewTests.swift */ = {isa = PBXFileReference; lastKnownFileType = sourcecode.swift; path = CombineTestViewTests.swift; sourceTree = "<group>"; };
		49B1F7821CE4B3DB00A29BFE /* Info.plist */ = {isa = PBXFileReference; lastKnownFileType = text.plist.xml; path = Info.plist; sourceTree = "<group>"; };
		49B3B43821DF9EB800F70BCF /* DebugToolKit.swift */ = {isa = PBXFileReference; lastKnownFileType = sourcecode.swift; path = DebugToolKit.swift; sourceTree = "<group>"; };
		49C385671F6831D00060D1E4 /* SharedNavigationController.swift */ = {isa = PBXFileReference; fileEncoding = 4; lastKnownFileType = sourcecode.swift; path = SharedNavigationController.swift; sourceTree = "<group>"; };
		49C385691F68325C0060D1E4 /* SharedTabBarController.swift */ = {isa = PBXFileReference; fileEncoding = 4; lastKnownFileType = sourcecode.swift; path = SharedTabBarController.swift; sourceTree = "<group>"; };
		49F7C9F41D0EDE6300086054 /* Logger.swift */ = {isa = PBXFileReference; fileEncoding = 4; lastKnownFileType = sourcecode.swift; path = Logger.swift; sourceTree = "<group>"; };
		49F7C9F61D0EDE7100086054 /* ADFileLoggerFormatter.h */ = {isa = PBXFileReference; fileEncoding = 4; lastKnownFileType = sourcecode.c.h; path = ADFileLoggerFormatter.h; sourceTree = "<group>"; };
		49F7C9F71D0EDE7100086054 /* ADFileLoggerFormatter.m */ = {isa = PBXFileReference; fileEncoding = 4; lastKnownFileType = sourcecode.c.objc; path = ADFileLoggerFormatter.m; sourceTree = "<group>"; };
		4A08E56FF1A2E6E1D873D90F /* Pods-CombineTest.production.xcconfig */ = {isa = PBXFileReference; includeInIndex = 1; lastKnownFileType = text.xcconfig; name = "Pods-CombineTest.production.xcconfig"; path = "Pods/Target Support Files/Pods-CombineTest/Pods-CombineTest.production.xcconfig"; sourceTree = "<group>"; };
		57C59D671BB1478A003798DF /* Images.xcassets */ = {isa = PBXFileReference; lastKnownFileType = folder.assetcatalog; path = Images.xcassets; sourceTree = "<group>"; };
		57C59D691BB1486B003798DF /* LaunchScreen.storyboard */ = {isa = PBXFileReference; fileEncoding = 4; lastKnownFileType = file.storyboard; path = LaunchScreen.storyboard; sourceTree = "<group>"; };
		57E1CD271C884F1C00A7DFFB /* SharedViewController.swift */ = {isa = PBXFileReference; fileEncoding = 4; lastKnownFileType = sourcecode.swift; path = SharedViewController.swift; sourceTree = "<group>"; };
		57E1CD291C884F3000A7DFFB /* CombineTest-Bridging-Header.h */ = {isa = PBXFileReference; fileEncoding = 4; lastKnownFileType = sourcecode.c.h; name = "CombineTest-Bridging-Header.h"; path = "Classes/CombineTest-Bridging-Header.h"; sourceTree = SOURCE_ROOT; };
		57E1CD481C884F8900A7DFFB /* AppDelegate.swift */ = {isa = PBXFileReference; fileEncoding = 4; lastKnownFileType = sourcecode.swift; path = AppDelegate.swift; sourceTree = "<group>"; };
		57E1CD4C1C8890CA00A7DFFB /* Fonts.swift */ = {isa = PBXFileReference; fileEncoding = 4; lastKnownFileType = sourcecode.swift; path = Fonts.swift; sourceTree = "<group>"; };
		57F7ECC31BB0042D0095AEEC /* Localizable.strings */ = {isa = PBXFileReference; fileEncoding = 4; lastKnownFileType = text.plist.strings; path = Localizable.strings; sourceTree = "<group>"; };
		57F7ECC51BB004500095AEEC /* InfoPlist.strings */ = {isa = PBXFileReference; fileEncoding = 4; lastKnownFileType = text.plist.strings; path = InfoPlist.strings; sourceTree = "<group>"; };
		6E6A3AE8E44734C6530AC046 /* Pods-CombineTest.distribution.xcconfig */ = {isa = PBXFileReference; includeInIndex = 1; lastKnownFileType = text.xcconfig; name = "Pods-CombineTest.distribution.xcconfig"; path = "Pods/Target Support Files/Pods-CombineTest/Pods-CombineTest.distribution.xcconfig"; sourceTree = "<group>"; };
		7A0EC64F1535D8ED00E5F54A /* CombineTest.app */ = {isa = PBXFileReference; explicitFileType = wrapper.application; includeInIndex = 0; path = CombineTest.app; sourceTree = BUILT_PRODUCTS_DIR; };
		7A0EC6531535D8ED00E5F54A /* UIKit.framework */ = {isa = PBXFileReference; lastKnownFileType = wrapper.framework; name = UIKit.framework; path = System/Library/Frameworks/UIKit.framework; sourceTree = SDKROOT; };
		7A0EC6551535D8ED00E5F54A /* Foundation.framework */ = {isa = PBXFileReference; lastKnownFileType = wrapper.framework; name = Foundation.framework; path = System/Library/Frameworks/Foundation.framework; sourceTree = SDKROOT; };
		7A0EC6571535D8ED00E5F54A /* CoreGraphics.framework */ = {isa = PBXFileReference; lastKnownFileType = wrapper.framework; name = CoreGraphics.framework; path = System/Library/Frameworks/CoreGraphics.framework; sourceTree = SDKROOT; };
		7A189F921535FD5C00A22149 /* CombineTest-Prefix.pch */ = {isa = PBXFileReference; fileEncoding = 4; lastKnownFileType = sourcecode.c.h; path = "CombineTest-Prefix.pch"; sourceTree = SOURCE_ROOT; };
		872EE90522D31E29007F9EC0 /* Colors.xcassets */ = {isa = PBXFileReference; lastKnownFileType = folder.assetcatalog; path = Colors.xcassets; sourceTree = "<group>"; };
		872EE90B22D5D3E0007F9EC0 /* CombineTestTests.swift */ = {isa = PBXFileReference; lastKnownFileType = sourcecode.swift; path = CombineTestTests.swift; sourceTree = "<group>"; };
		92D26A33224B752D00C18FAE /* Assets.swift */ = {isa = PBXFileReference; lastKnownFileType = sourcecode.swift; path = Assets.swift; sourceTree = "<group>"; };
		92E4DC60214BB95400431471 /* DecodingError+Debug.swift */ = {isa = PBXFileReference; lastKnownFileType = sourcecode.swift; path = "DecodingError+Debug.swift"; sourceTree = "<group>"; };
		9C9220CDCE8C495437E023DB /* Pods-CombineTestTests.stubs.xcconfig */ = {isa = PBXFileReference; includeInIndex = 1; lastKnownFileType = text.xcconfig; name = "Pods-CombineTestTests.stubs.xcconfig"; path = "Pods/Target Support Files/Pods-CombineTestTests/Pods-CombineTestTests.stubs.xcconfig"; sourceTree = "<group>"; };
		D06C6332AC4E8FBA4930E980 /* Pods_CombineTestTests.framework */ = {isa = PBXFileReference; explicitFileType = wrapper.framework; includeInIndex = 0; path = Pods_CombineTestTests.framework; sourceTree = BUILT_PRODUCTS_DIR; };
		E7B4FDCD22FDBEF900B39055 /* ViewStyle.swift */ = {isa = PBXFileReference; fileEncoding = 4; lastKnownFileType = sourcecode.swift; path = ViewStyle.swift; sourceTree = "<group>"; };
		E7B4FDD122FDBF3000B39055 /* ViewStyle+Initialization.swift */ = {isa = PBXFileReference; fileEncoding = 4; lastKnownFileType = sourcecode.swift; path = "ViewStyle+Initialization.swift"; sourceTree = "<group>"; };
		E7B4FDD322FDC17F00B39055 /* ViewStyle+UIWindow.swift */ = {isa = PBXFileReference; lastKnownFileType = sourcecode.swift; path = "ViewStyle+UIWindow.swift"; sourceTree = "<group>"; };
		E7CFD4B122F2F60B00C5B731 /* ModuleAssembly.swift */ = {isa = PBXFileReference; fileEncoding = 4; lastKnownFileType = sourcecode.swift; path = ModuleAssembly.swift; sourceTree = "<group>"; };
		E7FC27BD22F1DB0C00EED267 /* MainThreadMonitor.swift */ = {isa = PBXFileReference; fileEncoding = 4; lastKnownFileType = sourcecode.swift; path = MainThreadMonitor.swift; sourceTree = "<group>"; };
		E7FC27BE22F1DB0C00EED267 /* ModuleLauncher.swift */ = {isa = PBXFileReference; fileEncoding = 4; lastKnownFileType = sourcecode.swift; path = ModuleLauncher.swift; sourceTree = "<group>"; };
		E7FC27BF22F1DB0C00EED267 /* CrashReporter.swift */ = {isa = PBXFileReference; fileEncoding = 4; lastKnownFileType = sourcecode.swift; path = CrashReporter.swift; sourceTree = "<group>"; };
		EA088E4B238D3FF100CCA3EA /* TestPromisesViewController.swift */ = {isa = PBXFileReference; lastKnownFileType = sourcecode.swift; path = TestPromisesViewController.swift; sourceTree = "<group>"; };
		EA088E4D238D3FFF00CCA3EA /* TestPromisesViewContract.swift */ = {isa = PBXFileReference; lastKnownFileType = sourcecode.swift; path = TestPromisesViewContract.swift; sourceTree = "<group>"; };
		EA088E4F238D403500CCA3EA /* TestCombineViewContract.swift */ = {isa = PBXFileReference; lastKnownFileType = sourcecode.swift; path = TestCombineViewContract.swift; sourceTree = "<group>"; };
		EA088E53238D574C00CCA3EA /* TestCombineViewController.swift */ = {isa = PBXFileReference; lastKnownFileType = sourcecode.swift; path = TestCombineViewController.swift; sourceTree = "<group>"; };
		EA088E55238D57C800CCA3EA /* TestPromisesPresenter.swift */ = {isa = PBXFileReference; lastKnownFileType = sourcecode.swift; path = TestPromisesPresenter.swift; sourceTree = "<group>"; };
		EA088E57238D57D600CCA3EA /* TestPromisesPresenterImplementation.swift */ = {isa = PBXFileReference; lastKnownFileType = sourcecode.swift; path = TestPromisesPresenterImplementation.swift; sourceTree = "<group>"; };
		EA088E59238D57E200CCA3EA /* TestCombinePresenter.swift */ = {isa = PBXFileReference; lastKnownFileType = sourcecode.swift; path = TestCombinePresenter.swift; sourceTree = "<group>"; };
		EA088E5B238D57F000CCA3EA /* TestCombinePresenterImplementation.swift */ = {isa = PBXFileReference; lastKnownFileType = sourcecode.swift; path = TestCombinePresenterImplementation.swift; sourceTree = "<group>"; };
		EA088E60238D588200CCA3EA /* HomePresenter.swift */ = {isa = PBXFileReference; lastKnownFileType = sourcecode.swift; path = HomePresenter.swift; sourceTree = "<group>"; };
		EA088E62238D588F00CCA3EA /* HomePresenterImplementation.swift */ = {isa = PBXFileReference; lastKnownFileType = sourcecode.swift; path = HomePresenterImplementation.swift; sourceTree = "<group>"; };
		EA088E64238D589F00CCA3EA /* HomeViewContract.swift */ = {isa = PBXFileReference; lastKnownFileType = sourcecode.swift; path = HomeViewContract.swift; sourceTree = "<group>"; };
		EA088E66238D58AA00CCA3EA /* HomeViewController.swift */ = {isa = PBXFileReference; lastKnownFileType = sourcecode.swift; path = HomeViewController.swift; sourceTree = "<group>"; };
		EA088E6B238DCA6D00CCA3EA /* GetBuildingsWithPromiseInteractor.swift */ = {isa = PBXFileReference; lastKnownFileType = sourcecode.swift; path = GetBuildingsWithPromiseInteractor.swift; sourceTree = "<group>"; };
		EA088E6D238DCA8300CCA3EA /* GetBuildingsWithPromiseInteractorImplementation.swift */ = {isa = PBXFileReference; lastKnownFileType = sourcecode.swift; path = GetBuildingsWithPromiseInteractorImplementation.swift; sourceTree = "<group>"; };
		EA088E6F238DCACD00CCA3EA /* Building.swift */ = {isa = PBXFileReference; lastKnownFileType = sourcecode.swift; path = Building.swift; sourceTree = "<group>"; };
		EA088E73238DCBCF00CCA3EA /* BuildingsRepository.swift */ = {isa = PBXFileReference; lastKnownFileType = sourcecode.swift; path = BuildingsRepository.swift; sourceTree = "<group>"; };
		EA088E75238DCBE000CCA3EA /* BuildingsRepositoryImplementation.swift */ = {isa = PBXFileReference; lastKnownFileType = sourcecode.swift; path = BuildingsRepositoryImplementation.swift; sourceTree = "<group>"; };
		EA088E77238DCBEC00CCA3EA /* RestBuilding.swift */ = {isa = PBXFileReference; lastKnownFileType = sourcecode.swift; path = RestBuilding.swift; sourceTree = "<group>"; };
		EC626C5B1F9A282A001C332C /* HelveticaNeue.plist */ = {isa = PBXFileReference; lastKnownFileType = text.plist.xml; path = HelveticaNeue.plist; sourceTree = "<group>"; };
		F58BBA250BE675C419ED2946 /* Pods-CombineTestTests.preproduction.xcconfig */ = {isa = PBXFileReference; includeInIndex = 1; lastKnownFileType = text.xcconfig; name = "Pods-CombineTestTests.preproduction.xcconfig"; path = "Pods/Target Support Files/Pods-CombineTestTests/Pods-CombineTestTests.preproduction.xcconfig"; sourceTree = "<group>"; };
		F83B92161A7A8CCF009E7ADF /* Defaults-Config_Defaults.plist */ = {isa = PBXFileReference; fileEncoding = 4; lastKnownFileType = text.plist.xml; path = "Defaults-Config_Defaults.plist"; sourceTree = "<group>"; };
		F83B92171A7A8CCF009E7ADF /* Defaults-Config_Distribution.plist */ = {isa = PBXFileReference; fileEncoding = 4; lastKnownFileType = text.plist.xml; path = "Defaults-Config_Distribution.plist"; sourceTree = "<group>"; };
		F83B92181A7A8CCF009E7ADF /* Defaults-Config_Preproduction.plist */ = {isa = PBXFileReference; fileEncoding = 4; lastKnownFileType = text.plist.xml; path = "Defaults-Config_Preproduction.plist"; sourceTree = "<group>"; };
		F83B92191A7A8CCF009E7ADF /* Defaults-Config_Production.plist */ = {isa = PBXFileReference; fileEncoding = 4; lastKnownFileType = text.plist.xml; path = "Defaults-Config_Production.plist"; sourceTree = "<group>"; };
		F83B921A1A7A8CCF009E7ADF /* Defaults-Config_Stubs.plist */ = {isa = PBXFileReference; fileEncoding = 4; lastKnownFileType = text.plist.xml; path = "Defaults-Config_Stubs.plist"; sourceTree = "<group>"; };
		F83B921C1A7A8CCF009E7ADF /* CombineTest-Config_Defaults.plist */ = {isa = PBXFileReference; fileEncoding = 4; lastKnownFileType = text.plist.xml; path = "CombineTest-Config_Defaults.plist"; sourceTree = "<group>"; };
		F83B921D1A7A8CCF009E7ADF /* CombineTest-Config_Distribution.plist */ = {isa = PBXFileReference; fileEncoding = 4; lastKnownFileType = text.plist.xml; path = "CombineTest-Config_Distribution.plist"; sourceTree = "<group>"; };
		F83B921E1A7A8CCF009E7ADF /* CombineTest-Config_Preproduction.plist */ = {isa = PBXFileReference; fileEncoding = 4; lastKnownFileType = text.plist.xml; path = "CombineTest-Config_Preproduction.plist"; sourceTree = "<group>"; };
		F83B921F1A7A8CCF009E7ADF /* CombineTest-Config_Production.plist */ = {isa = PBXFileReference; fileEncoding = 4; lastKnownFileType = text.plist.xml; path = "CombineTest-Config_Production.plist"; sourceTree = "<group>"; };
		F83B92201A7A8CCF009E7ADF /* CombineTest-Config_Stubs.plist */ = {isa = PBXFileReference; fileEncoding = 4; lastKnownFileType = text.plist.xml; path = "CombineTest-Config_Stubs.plist"; sourceTree = "<group>"; };
		F83B922D1A7A8D04009E7ADF /* CombineTest-Info.plist */ = {isa = PBXFileReference; fileEncoding = 4; lastKnownFileType = text.plist.xml; path = "CombineTest-Info.plist"; sourceTree = "<group>"; };
		FBD4BCB796711E590FFB6FC9 /* Pods-CombineTest.stubs.xcconfig */ = {isa = PBXFileReference; includeInIndex = 1; lastKnownFileType = text.xcconfig; name = "Pods-CombineTest.stubs.xcconfig"; path = "Pods/Target Support Files/Pods-CombineTest/Pods-CombineTest.stubs.xcconfig"; sourceTree = "<group>"; };
/* End PBXFileReference section */

/* Begin PBXFrameworksBuildPhase section */
		49B1F77B1CE4B3DB00A29BFE /* Frameworks */ = {
			isa = PBXFrameworksBuildPhase;
			buildActionMask = 2147483647;
			files = (
				47E17214F9A4009CF12359D7 /* Pods_CombineTestTests.framework in Frameworks */,
			);
			runOnlyForDeploymentPostprocessing = 0;
		};
		7A0EC64C1535D8ED00E5F54A /* Frameworks */ = {
			isa = PBXFrameworksBuildPhase;
			buildActionMask = 2147483647;
			files = (
				7A0EC6541535D8ED00E5F54A /* UIKit.framework in Frameworks */,
				7A0EC6561535D8ED00E5F54A /* Foundation.framework in Frameworks */,
				7A0EC6581535D8ED00E5F54A /* CoreGraphics.framework in Frameworks */,
				1EB7042B108C1E9E8CE74DCE /* Pods_CombineTest.framework in Frameworks */,
			);
			runOnlyForDeploymentPostprocessing = 0;
		};
/* End PBXFrameworksBuildPhase section */

/* Begin PBXGroup section */
		495911501D7D4EEF0057C974 /* Coordinator */ = {
			isa = PBXGroup;
			children = (
				495911591D7D4FE70057C974 /* Coordinator.swift */,
				4959115B1D7D4FFE0057C974 /* ApplicationCoordinator.swift */,
			);
			name = Coordinator;
			sourceTree = "<group>";
		};
		495911511D7D4EF60057C974 /* App */ = {
			isa = PBXGroup;
			children = (
				EA088E44238D3FA100CCA3EA /* Home */,
				EA088E43238D3F9A00CCA3EA /* TestCombine */,
				EA088E42238D3F9100CCA3EA /* TestPromises */,
				495911551D7D4F150057C974 /* Shared */,
			);
			name = App;
			sourceTree = "<group>";
		};
		495911521D7D4EF90057C974 /* Core */ = {
			isa = PBXGroup;
			children = (
				495911571D7D4F3A0057C974 /* Entity */,
				496C4D211F67BC3A00729B15 /* Interactor */,
				495911581D7D4F420057C974 /* Data */,
			);
			name = Core;
			sourceTree = "<group>";
		};
		495911531D7D4EFE0057C974 /* Data */ = {
			isa = PBXGroup;
			children = (
				EA088E72238DCBAF00CCA3EA /* Repository */,
				EA088E71238DCB9C00CCA3EA /* RestEntity */,
			);
			name = Data;
			sourceTree = "<group>";
		};
		495911541D7D4F020057C974 /* DI */ = {
			isa = PBXGroup;
			children = (
				496E5C401DEEF9620050EFB6 /* DependencyProvider.swift */,
				496E5C421DEEF96B0050EFB6 /* PresenterAssembly.swift */,
				496E5C441DEEF9720050EFB6 /* InteractorAssembly.swift */,
				496E5C461DEEF97B0050EFB6 /* RepositoryAssembly.swift */,
				496E5C481DEEF9820050EFB6 /* HelperAssembly.swift */,
				E7CFD4B122F2F60B00C5B731 /* ModuleAssembly.swift */,
			);
			name = DI;
			sourceTree = "<group>";
		};
		495911551D7D4F150057C974 /* Shared */ = {
			isa = PBXGroup;
			children = (
				495911561D7D4F1D0057C974 /* UI */,
			);
			name = Shared;
			sourceTree = "<group>";
		};
		495911561D7D4F1D0057C974 /* UI */ = {
			isa = PBXGroup;
			children = (
				E7B4FDCC22FDBEEF00B39055 /* Style */,
				57E1CD271C884F1C00A7DFFB /* SharedViewController.swift */,
				49C385671F6831D00060D1E4 /* SharedNavigationController.swift */,
				49C385691F68325C0060D1E4 /* SharedTabBarController.swift */,
			);
			name = UI;
			sourceTree = "<group>";
		};
		495911571D7D4F3A0057C974 /* Entity */ = {
			isa = PBXGroup;
			children = (
				EA088E6F238DCACD00CCA3EA /* Building.swift */,
			);
			name = Entity;
			sourceTree = "<group>";
		};
		495911581D7D4F420057C974 /* Data */ = {
			isa = PBXGroup;
			children = (
				EA088E73238DCBCF00CCA3EA /* BuildingsRepository.swift */,
			);
			name = Data;
			sourceTree = "<group>";
		};
		496C4D211F67BC3A00729B15 /* Interactor */ = {
			isa = PBXGroup;
			children = (
				EA088E6A238DCA4E00CCA3EA /* GetBuildingsWithPromise */,
			);
			name = Interactor;
			sourceTree = "<group>";
		};
		49B1F77F1CE4B3DB00A29BFE /* CombineTestTests */ = {
			isa = PBXGroup;
			children = (
				872EE90B22D5D3E0007F9EC0 /* CombineTestTests.swift */,
				49B1F7801CE4B3DB00A29BFE /* CombineTestViewTests.swift */,
				49B1F7821CE4B3DB00A29BFE /* Info.plist */,
			);
			path = CombineTestTests;
			sourceTree = "<group>";
		};
		49F7C9F31D0EDE6300086054 /* Logger */ = {
			isa = PBXGroup;
			children = (
				49F7C9F41D0EDE6300086054 /* Logger.swift */,
				49F7C9F61D0EDE7100086054 /* ADFileLoggerFormatter.h */,
				49F7C9F71D0EDE7100086054 /* ADFileLoggerFormatter.m */,
			);
			path = Logger;
			sourceTree = "<group>";
		};
		57F7ECBC1BB0013C0095AEEC /* Categories */ = {
			isa = PBXGroup;
			children = (
				92D26A33224B752D00C18FAE /* Assets.swift */,
				57E1CD4C1C8890CA00A7DFFB /* Fonts.swift */,
				92E4DC60214BB95400431471 /* DecodingError+Debug.swift */,
				E7B4FDD122FDBF3000B39055 /* ViewStyle+Initialization.swift */,
			);
			name = Categories;
			sourceTree = "<group>";
		};
		6C0000BCAC8752038EA18DDB /* Pods */ = {
			isa = PBXGroup;
			children = (
				FBD4BCB796711E590FFB6FC9 /* Pods-CombineTest.stubs.xcconfig */,
				147C172E570244B76E9A8609 /* Pods-CombineTest.preproduction.xcconfig */,
				4A08E56FF1A2E6E1D873D90F /* Pods-CombineTest.production.xcconfig */,
				6E6A3AE8E44734C6530AC046 /* Pods-CombineTest.distribution.xcconfig */,
				9C9220CDCE8C495437E023DB /* Pods-CombineTestTests.stubs.xcconfig */,
				F58BBA250BE675C419ED2946 /* Pods-CombineTestTests.preproduction.xcconfig */,
				32D3D6308F00B6B8059A24E8 /* Pods-CombineTestTests.production.xcconfig */,
				4131DA2D9333046F6E9F313E /* Pods-CombineTestTests.distribution.xcconfig */,
			);
			name = Pods;
			sourceTree = "<group>";
		};
		7A0EC6441535D8ED00E5F54A = {
			isa = PBXGroup;
			children = (
				7A189F7F1535FB5300A22149 /* Classes */,
				7AFC5ED1155AA37F009D92A7 /* Modules */,
				7A189F8F1535FD0D00A22149 /* Other Sources */,
				F83B92141A7A8CCF009E7ADF /* Configuration */,
				7A189F951535FD6800A22149 /* Resources */,
				49B1F77F1CE4B3DB00A29BFE /* CombineTestTests */,
				7A0EC6521535D8ED00E5F54A /* Frameworks */,
				7A0EC6501535D8ED00E5F54A /* Products */,
				6C0000BCAC8752038EA18DDB /* Pods */,
			);
			sourceTree = "<group>";
		};
		7A0EC6501535D8ED00E5F54A /* Products */ = {
			isa = PBXGroup;
			children = (
				7A0EC64F1535D8ED00E5F54A /* CombineTest.app */,
				49B1F77E1CE4B3DB00A29BFE /* CombineTestTests.xctest */,
			);
			name = Products;
			sourceTree = "<group>";
		};
		7A0EC6521535D8ED00E5F54A /* Frameworks */ = {
			isa = PBXGroup;
			children = (
				7A0EC6531535D8ED00E5F54A /* UIKit.framework */,
				7A0EC6551535D8ED00E5F54A /* Foundation.framework */,
				7A0EC6571535D8ED00E5F54A /* CoreGraphics.framework */,
				08411AEAF625777CD0D6A123 /* Pods_CombineTest.framework */,
				D06C6332AC4E8FBA4930E980 /* Pods_CombineTestTests.framework */,
			);
			name = Frameworks;
			sourceTree = "<group>";
		};
		7A189F7F1535FB5300A22149 /* Classes */ = {
			isa = PBXGroup;
			children = (
				57E1CD481C884F8900A7DFFB /* AppDelegate.swift */,
				57F7ECBC1BB0013C0095AEEC /* Categories */,
				495911501D7D4EEF0057C974 /* Coordinator */,
				495911511D7D4EF60057C974 /* App */,
				495911521D7D4EF90057C974 /* Core */,
				495911531D7D4EFE0057C974 /* Data */,
				495911541D7D4F020057C974 /* DI */,
			);
			path = Classes;
			sourceTree = "<group>";
		};
		7A189F8F1535FD0D00A22149 /* Other Sources */ = {
			isa = PBXGroup;
			children = (
				7A189F921535FD5C00A22149 /* CombineTest-Prefix.pch */,
				57E1CD291C884F3000A7DFFB /* CombineTest-Bridging-Header.h */,
			);
			name = "Other Sources";
			sourceTree = "<group>";
		};
		7A189F951535FD6800A22149 /* Resources */ = {
			isa = PBXGroup;
			children = (
				F83B922B1A7A8CE1009E7ADF /* Defaults */,
				F83B922C1A7A8CE1009E7ADF /* CombineTest */,
			);
			path = Resources;
			sourceTree = "<group>";
		};
		7AFC5ED1155AA37F009D92A7 /* Modules */ = {
			isa = PBXGroup;
			children = (
				E7FC27BE22F1DB0C00EED267 /* ModuleLauncher.swift */,
				49F7C9F31D0EDE6300086054 /* Logger */,
				49595DCD1D93E11D003F1816 /* TargetSettings.swift */,
				49ADDFB41F55B4DC0072B16C /* TargetSettingsDecoder.swift */,
				49B3B43821DF9EB800F70BCF /* DebugToolKit.swift */,
				E7FC27BF22F1DB0C00EED267 /* CrashReporter.swift */,
				E7FC27BD22F1DB0C00EED267 /* MainThreadMonitor.swift */,
			);
			path = Modules;
			sourceTree = "<group>";
		};
		E7B4FDCC22FDBEEF00B39055 /* Style */ = {
			isa = PBXGroup;
			children = (
				E7B4FDCD22FDBEF900B39055 /* ViewStyle.swift */,
				E7B4FDD322FDC17F00B39055 /* ViewStyle+UIWindow.swift */,
			);
			name = Style;
			sourceTree = "<group>";
		};
		EA088E42238D3F9100CCA3EA /* TestPromises */ = {
			isa = PBXGroup;
			children = (
				EA088E47238D3FBB00CCA3EA /* Presenter */,
				EA088E45238D3FAE00CCA3EA /* UI */,
			);
			name = TestPromises;
			sourceTree = "<group>";
		};
		EA088E43238D3F9A00CCA3EA /* TestCombine */ = {
			isa = PBXGroup;
			children = (
				EA088E48238D3FC100CCA3EA /* Presenter */,
				EA088E46238D3FB600CCA3EA /* UI */,
			);
			name = TestCombine;
			sourceTree = "<group>";
		};
		EA088E44238D3FA100CCA3EA /* Home */ = {
			isa = PBXGroup;
			children = (
				EA088E5F238D587400CCA3EA /* Presenter */,
				EA088E5D238D586400CCA3EA /* UI */,
			);
			name = Home;
			sourceTree = "<group>";
		};
		EA088E45238D3FAE00CCA3EA /* UI */ = {
			isa = PBXGroup;
			children = (
				EA088E4A238D3FD500CCA3EA /* ViewController */,
				EA088E4D238D3FFF00CCA3EA /* TestPromisesViewContract.swift */,
			);
			name = UI;
			sourceTree = "<group>";
		};
		EA088E46238D3FB600CCA3EA /* UI */ = {
			isa = PBXGroup;
			children = (
				EA088E49238D3FCE00CCA3EA /* ViewController */,
				EA088E4F238D403500CCA3EA /* TestCombineViewContract.swift */,
			);
			name = UI;
			sourceTree = "<group>";
		};
		EA088E47238D3FBB00CCA3EA /* Presenter */ = {
			isa = PBXGroup;
			children = (
				EA088E55238D57C800CCA3EA /* TestPromisesPresenter.swift */,
				EA088E57238D57D600CCA3EA /* TestPromisesPresenterImplementation.swift */,
			);
			name = Presenter;
			sourceTree = "<group>";
		};
		EA088E48238D3FC100CCA3EA /* Presenter */ = {
			isa = PBXGroup;
			children = (
				EA088E59238D57E200CCA3EA /* TestCombinePresenter.swift */,
				EA088E5B238D57F000CCA3EA /* TestCombinePresenterImplementation.swift */,
			);
			name = Presenter;
			sourceTree = "<group>";
		};
		EA088E49238D3FCE00CCA3EA /* ViewController */ = {
			isa = PBXGroup;
			children = (
				EA088E53238D574C00CCA3EA /* TestCombineViewController.swift */,
			);
			name = ViewController;
			sourceTree = "<group>";
		};
		EA088E4A238D3FD500CCA3EA /* ViewController */ = {
			isa = PBXGroup;
			children = (
				EA088E4B238D3FF100CCA3EA /* TestPromisesViewController.swift */,
			);
			name = ViewController;
			sourceTree = "<group>";
		};
		EA088E5D238D586400CCA3EA /* UI */ = {
			isa = PBXGroup;
			children = (
				EA088E5E238D586C00CCA3EA /* ViewController */,
				EA088E64238D589F00CCA3EA /* HomeViewContract.swift */,
			);
			name = UI;
			sourceTree = "<group>";
		};
		EA088E5E238D586C00CCA3EA /* ViewController */ = {
			isa = PBXGroup;
			children = (
				EA088E66238D58AA00CCA3EA /* HomeViewController.swift */,
			);
			name = ViewController;
			sourceTree = "<group>";
		};
		EA088E5F238D587400CCA3EA /* Presenter */ = {
			isa = PBXGroup;
			children = (
				EA088E60238D588200CCA3EA /* HomePresenter.swift */,
				EA088E62238D588F00CCA3EA /* HomePresenterImplementation.swift */,
			);
			name = Presenter;
			sourceTree = "<group>";
		};
		EA088E6A238DCA4E00CCA3EA /* GetBuildingsWithPromise */ = {
			isa = PBXGroup;
			children = (
				EA088E6B238DCA6D00CCA3EA /* GetBuildingsWithPromiseInteractor.swift */,
				EA088E6D238DCA8300CCA3EA /* GetBuildingsWithPromiseInteractorImplementation.swift */,
			);
			name = GetBuildingsWithPromise;
			sourceTree = "<group>";
		};
		EA088E71238DCB9C00CCA3EA /* RestEntity */ = {
			isa = PBXGroup;
			children = (
				EA088E77238DCBEC00CCA3EA /* RestBuilding.swift */,
			);
			name = RestEntity;
			sourceTree = "<group>";
		};
		EA088E72238DCBAF00CCA3EA /* Repository */ = {
			isa = PBXGroup;
			children = (
				EA088E75238DCBE000CCA3EA /* BuildingsRepositoryImplementation.swift */,
			);
			name = Repository;
			sourceTree = "<group>";
		};
		F83B92141A7A8CCF009E7ADF /* Configuration */ = {
			isa = PBXGroup;
			children = (
				F83B92151A7A8CCF009E7ADF /* Defaults */,
				F83B921B1A7A8CCF009E7ADF /* CombineTest */,
			);
			path = Configuration;
			sourceTree = "<group>";
		};
		F83B92151A7A8CCF009E7ADF /* Defaults */ = {
			isa = PBXGroup;
			children = (
				F83B92161A7A8CCF009E7ADF /* Defaults-Config_Defaults.plist */,
				F83B921A1A7A8CCF009E7ADF /* Defaults-Config_Stubs.plist */,
				F83B92181A7A8CCF009E7ADF /* Defaults-Config_Preproduction.plist */,
				F83B92191A7A8CCF009E7ADF /* Defaults-Config_Production.plist */,
				F83B92171A7A8CCF009E7ADF /* Defaults-Config_Distribution.plist */,
				EC626C5B1F9A282A001C332C /* HelveticaNeue.plist */,
			);
			path = Defaults;
			sourceTree = "<group>";
		};
		F83B921B1A7A8CCF009E7ADF /* CombineTest */ = {
			isa = PBXGroup;
			children = (
				F83B922D1A7A8D04009E7ADF /* CombineTest-Info.plist */,
				F83B921C1A7A8CCF009E7ADF /* CombineTest-Config_Defaults.plist */,
				F83B92201A7A8CCF009E7ADF /* CombineTest-Config_Stubs.plist */,
				F83B921E1A7A8CCF009E7ADF /* CombineTest-Config_Preproduction.plist */,
				F83B921F1A7A8CCF009E7ADF /* CombineTest-Config_Production.plist */,
				F83B921D1A7A8CCF009E7ADF /* CombineTest-Config_Distribution.plist */,
			);
			path = CombineTest;
			sourceTree = "<group>";
		};
		F83B922B1A7A8CE1009E7ADF /* Defaults */ = {
			isa = PBXGroup;
			children = (
			);
			path = Defaults;
			sourceTree = "<group>";
		};
		F83B922C1A7A8CE1009E7ADF /* CombineTest */ = {
			isa = PBXGroup;
			children = (
				872EE90522D31E29007F9EC0 /* Colors.xcassets */,
				57C59D671BB1478A003798DF /* Images.xcassets */,
				57F7ECC51BB004500095AEEC /* InfoPlist.strings */,
				57F7ECC31BB0042D0095AEEC /* Localizable.strings */,
				57C59D691BB1486B003798DF /* LaunchScreen.storyboard */,
			);
			path = CombineTest;
			sourceTree = "<group>";
		};
/* End PBXGroup section */

/* Begin PBXNativeTarget section */
		49B1F77D1CE4B3DB00A29BFE /* CombineTestTests */ = {
			isa = PBXNativeTarget;
			buildConfigurationList = 49B1F7891CE4B3DB00A29BFE /* Build configuration list for PBXNativeTarget "CombineTestTests" */;
			buildPhases = (
				A6A85E92266DAE1D134ACEEA /* [CP] Check Pods Manifest.lock */,
				49B1F77A1CE4B3DB00A29BFE /* Sources */,
				49B1F77B1CE4B3DB00A29BFE /* Frameworks */,
				49B1F77C1CE4B3DB00A29BFE /* Resources */,
				77213A42EFF7262DF8B75E25 /* [CP] Embed Pods Frameworks */,
			);
			buildRules = (
			);
			dependencies = (
				49B1F7841CE4B3DB00A29BFE /* PBXTargetDependency */,
			);
			name = CombineTestTests;
			productName = CombineTestTests;
			productReference = 49B1F77E1CE4B3DB00A29BFE /* CombineTestTests.xctest */;
			productType = "com.apple.product-type.bundle.unit-test";
		};
		7A0EC64E1535D8ED00E5F54A /* CombineTest */ = {
			isa = PBXNativeTarget;
			buildConfigurationList = 7A0EC6671535D8ED00E5F54A /* Build configuration list for PBXNativeTarget "CombineTest" */;
			buildPhases = (
				CECB1C1E7B071D6D281D3BC0 /* [CP] Check Pods Manifest.lock */,
				92D26A32224B747E00C18FAE /* SwiftGen */,
				7A0EC64B1535D8ED00E5F54A /* Sources */,
				7A0EC64C1535D8ED00E5F54A /* Frameworks */,
				7A0EC64D1535D8ED00E5F54A /* Resources */,
				6FE3EFF61A6D3EB1007A4AD5 /* Patch Config.plist according to the environment */,
				490133B11C1EFC11000CC04B /* Turn TODO into Warning */,
				490133B21C1EFC25000CC04B /* Warning if file > 250 lines */,
				BDD5F3E9C530D463D230A81C /* [CP] Embed Pods Frameworks */,
				F54137C79E310D050E5C1F2B /* [CP] Copy Pods Resources */,
				4902CAB81E48C4D4001CE403 /* SwiftLint */,
			);
			buildRules = (
			);
			dependencies = (
			);
			name = CombineTest;
			productName = CombineTest;
			productReference = 7A0EC64F1535D8ED00E5F54A /* CombineTest.app */;
			productType = "com.apple.product-type.application";
		};
/* End PBXNativeTarget section */

/* Begin PBXProject section */
		7A0EC6461535D8ED00E5F54A /* Project object */ = {
			isa = PBXProject;
			attributes = {
				CLASSPREFIX = CT;
				LastSwiftUpdateCheck = 0730;
				LastUpgradeCheck = 1020;
				TargetAttributes = {
					49B1F77D1CE4B3DB00A29BFE = {
						CreatedOnToolsVersion = 7.3;
						DevelopmentTeam = 2C897PS7YH;
						LastSwiftMigration = 1020;
						TestTargetID = 7A0EC64E1535D8ED00E5F54A;
					};
					7A0EC64E1535D8ED00E5F54A = {
						DevelopmentTeam = U5M7X5V6ZG;
						LastSwiftMigration = 1020;
						ProvisioningStyle = Automatic;
					};
				};
			};
			buildConfigurationList = 7A0EC6491535D8ED00E5F54A /* Build configuration list for PBXProject "CombineTest" */;
			compatibilityVersion = "Xcode 3.2";
			developmentRegion = en;
			hasScannedForEncodings = 0;
			knownRegions = (
				en,
				Base,
			);
			mainGroup = 7A0EC6441535D8ED00E5F54A;
			productRefGroup = 7A0EC6501535D8ED00E5F54A /* Products */;
			projectDirPath = "";
			projectRoot = "";
			targets = (
				7A0EC64E1535D8ED00E5F54A /* CombineTest */,
				49B1F77D1CE4B3DB00A29BFE /* CombineTestTests */,
			);
		};
/* End PBXProject section */

/* Begin PBXResourcesBuildPhase section */
		49B1F77C1CE4B3DB00A29BFE /* Resources */ = {
			isa = PBXResourcesBuildPhase;
			buildActionMask = 2147483647;
			files = (
			);
			runOnlyForDeploymentPostprocessing = 0;
		};
		7A0EC64D1535D8ED00E5F54A /* Resources */ = {
			isa = PBXResourcesBuildPhase;
			buildActionMask = 2147483647;
			files = (
				57C59D681BB1478A003798DF /* Images.xcassets in Resources */,
				57C59D6A1BB1486B003798DF /* LaunchScreen.storyboard in Resources */,
				57F7ECC41BB0042D0095AEEC /* Localizable.strings in Resources */,
				EC626C5C1F9A282A001C332C /* HelveticaNeue.plist in Resources */,
				57F7ECC61BB004510095AEEC /* InfoPlist.strings in Resources */,
				872EE90622D31E29007F9EC0 /* Colors.xcassets in Resources */,
			);
			runOnlyForDeploymentPostprocessing = 0;
		};
/* End PBXResourcesBuildPhase section */

/* Begin PBXShellScriptBuildPhase section */
		490133B11C1EFC11000CC04B /* Turn TODO into Warning */ = {
			isa = PBXShellScriptBuildPhase;
			buildActionMask = 2147483647;
			files = (
			);
			inputPaths = (
			);
			name = "Turn TODO into Warning";
			outputPaths = (
			);
			runOnlyForDeploymentPostprocessing = 0;
			shellPath = /bin/sh;
			shellScript = "KEYWORDS=\"TODO:|FIXME:|\\?\\?\\?:|\\!\\!\\!:\"\nfind \"${SRCROOT}/Classes\" \\( -name \"*.h\" -or -name \"*.m\" -or -name \"*.swift\" \\) -print0 | xargs -0 egrep --with-filename --line-number --only-matching \"($KEYWORDS).*\\$\" | perl -p -e \"s/($KEYWORDS)/ warning: \\$1/\"\n";
		};
		490133B21C1EFC25000CC04B /* Warning if file > 250 lines */ = {
			isa = PBXShellScriptBuildPhase;
			buildActionMask = 2147483647;
			files = (
			);
			inputPaths = (
			);
			name = "Warning if file > 250 lines";
			outputPaths = (
			);
			runOnlyForDeploymentPostprocessing = 0;
			shellPath = /bin/sh;
			shellScript = "find \"${SRCROOT}/Classes\" \\( -name \"*.h\" -or -name \"*.m\" \\) -and \\( -path \"${SRCROOT}/Pods/*\" -prune -o -print0 \\) | xargs -0 wc -l | awk '$1 > 250 && $2 != \"total\" {for(i=2;i<NF;i++){printf \"%s%s\", $i, \" \"} print $NF \":1: warning: File more than 250 lines (\" $1 \"), consider refactoring.\" }'";
		};
		4902CAB81E48C4D4001CE403 /* SwiftLint */ = {
			isa = PBXShellScriptBuildPhase;
			buildActionMask = 2147483647;
			files = (
			);
			inputPaths = (
			);
			name = SwiftLint;
			outputPaths = (
			);
			runOnlyForDeploymentPostprocessing = 0;
			shellPath = /bin/sh;
			shellScript = "\"${PODS_ROOT}/SwiftLint/swiftlint\"\n";
		};
		6FE3EFF61A6D3EB1007A4AD5 /* Patch Config.plist according to the environment */ = {
			isa = PBXShellScriptBuildPhase;
			buildActionMask = 12;
			files = (
			);
			inputFileListPaths = (
			);
			inputPaths = (
				"$(SRCROOT)/Configuration/*",
			);
			name = "Patch Config.plist according to the environment";
			outputPaths = (
			);
			runOnlyForDeploymentPostprocessing = 0;
			shellPath = /bin/sh;
			shellScript = "\nPLIST_FILENAME=$(basename \"$PRODUCT_SETTINGS_PATH\")\nPLIST_EXTENSION=\"${PLIST_FILENAME##*.}\"\nPLIST_FILENAME=\"Config\"\nTARGET_RESOURCES_PLIST_FILENAME=\"${UNLOCALIZED_RESOURCES_FOLDER_PATH}/${PLIST_FILENAME}.${PLIST_EXTENSION}\"\nDEFAULT_PLIST_FILENAME=\"Defaults-${PLIST_FILENAME}\"\nPRODUCT_PLIST_FILENAME=\"${PRODUCT_NAME}-${PLIST_FILENAME}\"\n/usr/libexec/PlistBuddy -c \"Clear\" \"${BUILT_PRODUCTS_DIR}/${TARGET_RESOURCES_PLIST_FILENAME}\" >/dev/null 2>&1\n/usr/libexec/PlistBuddy -c \"Merge ${SRCROOT}/Configuration/$TARGET_NAME/${PRODUCT_PLIST_FILENAME}_${CONFIGURATION}.${PLIST_EXTENSION}\" \"${BUILT_PRODUCTS_DIR}/${TARGET_RESOURCES_PLIST_FILENAME}\" >/dev/null 2>&1\n/usr/libexec/PlistBuddy -c \"Merge ${SRCROOT}/Configuration/$TARGET_NAME/${PRODUCT_PLIST_FILENAME}_Defaults.${PLIST_EXTENSION}\" \"${BUILT_PRODUCTS_DIR}/${TARGET_RESOURCES_PLIST_FILENAME}\" >/dev/null 2>&1\n/usr/libexec/PlistBuddy -c \"Merge ${SRCROOT}/Configuration/Defaults/${DEFAULT_PLIST_FILENAME}_${CONFIGURATION}.${PLIST_EXTENSION}\" \"${BUILT_PRODUCTS_DIR}/${TARGET_RESOURCES_PLIST_FILENAME}\" >/dev/null 2>&1\n/usr/libexec/PlistBuddy -c \"Merge ${SRCROOT}/Configuration/Defaults/${DEFAULT_PLIST_FILENAME}_Defaults.${PLIST_EXTENSION}\" \"${BUILT_PRODUCTS_DIR}/${TARGET_RESOURCES_PLIST_FILENAME}\" >/dev/null 2>&1\n";
			showEnvVarsInLog = 0;
		};
		77213A42EFF7262DF8B75E25 /* [CP] Embed Pods Frameworks */ = {
			isa = PBXShellScriptBuildPhase;
			buildActionMask = 2147483647;
			files = (
			);
			inputPaths = (
				"${PODS_ROOT}/Target Support Files/Pods-CombineTestTests/Pods-CombineTestTests-frameworks.sh",
				"${BUILT_PRODUCTS_DIR}/ADDynamicLogLevel/ADDynamicLogLevel.framework",
				"${BUILT_PRODUCTS_DIR}/CocoaLumberjack/CocoaLumberjack.framework",
				"${BUILT_PRODUCTS_DIR}/Swinject/Swinject.framework",
				"${BUILT_PRODUCTS_DIR}/ADAssertLayout/ADAssertLayout.framework",
				"${BUILT_PRODUCTS_DIR}/ADLayoutTest/ADLayoutTest.framework",
				"${BUILT_PRODUCTS_DIR}/OCMock/OCMock.framework",
				"${BUILT_PRODUCTS_DIR}/SnapshotTesting/SnapshotTesting.framework",
				"${BUILT_PRODUCTS_DIR}/SwiftCheck/SwiftCheck.framework",
			);
			name = "[CP] Embed Pods Frameworks";
			outputPaths = (
				"${TARGET_BUILD_DIR}/${FRAMEWORKS_FOLDER_PATH}/ADDynamicLogLevel.framework",
				"${TARGET_BUILD_DIR}/${FRAMEWORKS_FOLDER_PATH}/CocoaLumberjack.framework",
				"${TARGET_BUILD_DIR}/${FRAMEWORKS_FOLDER_PATH}/Swinject.framework",
				"${TARGET_BUILD_DIR}/${FRAMEWORKS_FOLDER_PATH}/ADAssertLayout.framework",
				"${TARGET_BUILD_DIR}/${FRAMEWORKS_FOLDER_PATH}/ADLayoutTest.framework",
				"${TARGET_BUILD_DIR}/${FRAMEWORKS_FOLDER_PATH}/OCMock.framework",
				"${TARGET_BUILD_DIR}/${FRAMEWORKS_FOLDER_PATH}/SnapshotTesting.framework",
				"${TARGET_BUILD_DIR}/${FRAMEWORKS_FOLDER_PATH}/SwiftCheck.framework",
			);
			runOnlyForDeploymentPostprocessing = 0;
			shellPath = /bin/sh;
			shellScript = "\"${PODS_ROOT}/Target Support Files/Pods-CombineTestTests/Pods-CombineTestTests-frameworks.sh\"\n";
			showEnvVarsInLog = 0;
		};
		92D26A32224B747E00C18FAE /* SwiftGen */ = {
			isa = PBXShellScriptBuildPhase;
			buildActionMask = 2147483647;
			files = (
			);
			inputFileListPaths = (
			);
			inputPaths = (
			);
			name = SwiftGen;
			outputFileListPaths = (
			);
			outputPaths = (
			);
			runOnlyForDeploymentPostprocessing = 0;
			shellPath = /bin/sh;
			shellScript = "${PODS_ROOT}/SwiftGen/bin/swiftgen config run --config swiftgen/swiftgen.yml\n";
		};
		A6A85E92266DAE1D134ACEEA /* [CP] Check Pods Manifest.lock */ = {
			isa = PBXShellScriptBuildPhase;
			buildActionMask = 2147483647;
			files = (
			);
			inputPaths = (
				"${PODS_PODFILE_DIR_PATH}/Podfile.lock",
				"${PODS_ROOT}/Manifest.lock",
			);
			name = "[CP] Check Pods Manifest.lock";
			outputPaths = (
				"$(DERIVED_FILE_DIR)/Pods-CombineTestTests-checkManifestLockResult.txt",
			);
			runOnlyForDeploymentPostprocessing = 0;
			shellPath = /bin/sh;
			shellScript = "diff \"${PODS_PODFILE_DIR_PATH}/Podfile.lock\" \"${PODS_ROOT}/Manifest.lock\" > /dev/null\nif [ $? != 0 ] ; then\n    # print error to STDERR\n    echo \"error: The sandbox is not in sync with the Podfile.lock. Run 'pod install' or update your CocoaPods installation.\" >&2\n    exit 1\nfi\n# This output is used by Xcode 'outputs' to avoid re-running this script phase.\necho \"SUCCESS\" > \"${SCRIPT_OUTPUT_FILE_0}\"\n";
			showEnvVarsInLog = 0;
		};
		BDD5F3E9C530D463D230A81C /* [CP] Embed Pods Frameworks */ = {
			isa = PBXShellScriptBuildPhase;
			buildActionMask = 2147483647;
			files = (
			);
			inputPaths = (
				"${PODS_ROOT}/Target Support Files/Pods-CombineTest/Pods-CombineTest-frameworks.sh",
				"${BUILT_PRODUCTS_DIR}/ADDynamicLogLevel/ADDynamicLogLevel.framework",
				"${BUILT_PRODUCTS_DIR}/CocoaLumberjack/CocoaLumberjack.framework",
				"${BUILT_PRODUCTS_DIR}/Swinject/Swinject.framework",
				"${BUILT_PRODUCTS_DIR}/ADUtils/ADUtils.framework",
				"${BUILT_PRODUCTS_DIR}/Alamofire/Alamofire.framework",
				"${BUILT_PRODUCTS_DIR}/DBDebugToolkit/DBDebugToolkit.framework",
				"${BUILT_PRODUCTS_DIR}/PromiseKit/PromiseKit.framework",
				"${BUILT_PRODUCTS_DIR}/Watchdog/Watchdog.framework",
			);
			name = "[CP] Embed Pods Frameworks";
			outputPaths = (
				"${TARGET_BUILD_DIR}/${FRAMEWORKS_FOLDER_PATH}/ADDynamicLogLevel.framework",
				"${TARGET_BUILD_DIR}/${FRAMEWORKS_FOLDER_PATH}/CocoaLumberjack.framework",
				"${TARGET_BUILD_DIR}/${FRAMEWORKS_FOLDER_PATH}/Swinject.framework",
				"${TARGET_BUILD_DIR}/${FRAMEWORKS_FOLDER_PATH}/ADUtils.framework",
				"${TARGET_BUILD_DIR}/${FRAMEWORKS_FOLDER_PATH}/Alamofire.framework",
				"${TARGET_BUILD_DIR}/${FRAMEWORKS_FOLDER_PATH}/DBDebugToolkit.framework",
				"${TARGET_BUILD_DIR}/${FRAMEWORKS_FOLDER_PATH}/PromiseKit.framework",
				"${TARGET_BUILD_DIR}/${FRAMEWORKS_FOLDER_PATH}/Watchdog.framework",
			);
			runOnlyForDeploymentPostprocessing = 0;
			shellPath = /bin/sh;
			shellScript = "\"${PODS_ROOT}/Target Support Files/Pods-CombineTest/Pods-CombineTest-frameworks.sh\"\n";
			showEnvVarsInLog = 0;
		};
		CECB1C1E7B071D6D281D3BC0 /* [CP] Check Pods Manifest.lock */ = {
			isa = PBXShellScriptBuildPhase;
			buildActionMask = 2147483647;
			files = (
			);
			inputPaths = (
				"${PODS_PODFILE_DIR_PATH}/Podfile.lock",
				"${PODS_ROOT}/Manifest.lock",
			);
			name = "[CP] Check Pods Manifest.lock";
			outputPaths = (
				"$(DERIVED_FILE_DIR)/Pods-CombineTest-checkManifestLockResult.txt",
			);
			runOnlyForDeploymentPostprocessing = 0;
			shellPath = /bin/sh;
			shellScript = "diff \"${PODS_PODFILE_DIR_PATH}/Podfile.lock\" \"${PODS_ROOT}/Manifest.lock\" > /dev/null\nif [ $? != 0 ] ; then\n    # print error to STDERR\n    echo \"error: The sandbox is not in sync with the Podfile.lock. Run 'pod install' or update your CocoaPods installation.\" >&2\n    exit 1\nfi\n# This output is used by Xcode 'outputs' to avoid re-running this script phase.\necho \"SUCCESS\" > \"${SCRIPT_OUTPUT_FILE_0}\"\n";
			showEnvVarsInLog = 0;
		};
		F54137C79E310D050E5C1F2B /* [CP] Copy Pods Resources */ = {
			isa = PBXShellScriptBuildPhase;
			buildActionMask = 2147483647;
			files = (
			);
			inputPaths = (
				"${PODS_ROOT}/Target Support Files/Pods-CombineTest/Pods-CombineTest-resources.sh",
				"${PODS_CONFIGURATION_BUILD_DIR}/HockeySDK/HockeySDKResources.bundle",
			);
			name = "[CP] Copy Pods Resources";
			outputPaths = (
				"${TARGET_BUILD_DIR}/${UNLOCALIZED_RESOURCES_FOLDER_PATH}/HockeySDKResources.bundle",
			);
			runOnlyForDeploymentPostprocessing = 0;
			shellPath = /bin/sh;
			shellScript = "\"${PODS_ROOT}/Target Support Files/Pods-CombineTest/Pods-CombineTest-resources.sh\"\n";
			showEnvVarsInLog = 0;
		};
/* End PBXShellScriptBuildPhase section */

/* Begin PBXSourcesBuildPhase section */
		49B1F77A1CE4B3DB00A29BFE /* Sources */ = {
			isa = PBXSourcesBuildPhase;
			buildActionMask = 2147483647;
			files = (
				872EE90C22D5D3E0007F9EC0 /* CombineTestTests.swift in Sources */,
				49B1F7811CE4B3DB00A29BFE /* CombineTestViewTests.swift in Sources */,
			);
			runOnlyForDeploymentPostprocessing = 0;
		};
		7A0EC64B1535D8ED00E5F54A /* Sources */ = {
			isa = PBXSourcesBuildPhase;
			buildActionMask = 2147483647;
			files = (
				496E5C411DEEF9620050EFB6 /* DependencyProvider.swift in Sources */,
				E7B4FDD422FDC17F00B39055 /* ViewStyle+UIWindow.swift in Sources */,
				EA088E65238D589F00CCA3EA /* HomeViewContract.swift in Sources */,
				496E5C471DEEF97B0050EFB6 /* RepositoryAssembly.swift in Sources */,
				49B3B43921DF9EB800F70BCF /* DebugToolKit.swift in Sources */,
				EA088E78238DCBEC00CCA3EA /* RestBuilding.swift in Sources */,
				EA088E54238D574C00CCA3EA /* TestCombineViewController.swift in Sources */,
				EA088E5A238D57E200CCA3EA /* TestCombinePresenter.swift in Sources */,
				4959115A1D7D4FE70057C974 /* Coordinator.swift in Sources */,
				EA088E4C238D3FF100CCA3EA /* TestPromisesViewController.swift in Sources */,
				EA088E56238D57C800CCA3EA /* TestPromisesPresenter.swift in Sources */,
				EA088E70238DCACD00CCA3EA /* Building.swift in Sources */,
				49ADDFB51F55B4DC0072B16C /* TargetSettingsDecoder.swift in Sources */,
				E7CFD4B222F2F60B00C5B731 /* ModuleAssembly.swift in Sources */,
				EA088E4E238D3FFF00CCA3EA /* TestPromisesViewContract.swift in Sources */,
				57E1CD4D1C8890CA00A7DFFB /* Fonts.swift in Sources */,
				EA088E76238DCBE000CCA3EA /* BuildingsRepositoryImplementation.swift in Sources */,
				E7B4FDD222FDBF3000B39055 /* ViewStyle+Initialization.swift in Sources */,
				EA088E50238D403500CCA3EA /* TestCombineViewContract.swift in Sources */,
				49F7C9F81D0EDE7100086054 /* ADFileLoggerFormatter.m in Sources */,
				496E5C451DEEF9720050EFB6 /* InteractorAssembly.swift in Sources */,
				49F7C9F51D0EDE6300086054 /* Logger.swift in Sources */,
				57E1CD491C884F8900A7DFFB /* AppDelegate.swift in Sources */,
				E7FC27C022F1DB0C00EED267 /* MainThreadMonitor.swift in Sources */,
				EA088E67238D58AA00CCA3EA /* HomeViewController.swift in Sources */,
				EA088E5C238D57F000CCA3EA /* TestCombinePresenterImplementation.swift in Sources */,
				496E5C431DEEF96B0050EFB6 /* PresenterAssembly.swift in Sources */,
				EA088E58238D57D600CCA3EA /* TestPromisesPresenterImplementation.swift in Sources */,
				4959115C1D7D4FFE0057C974 /* ApplicationCoordinator.swift in Sources */,
				49C385681F6831D00060D1E4 /* SharedNavigationController.swift in Sources */,
				49C3856A1F68325C0060D1E4 /* SharedTabBarController.swift in Sources */,
				57E1CD281C884F1C00A7DFFB /* SharedViewController.swift in Sources */,
				EA088E6E238DCA8300CCA3EA /* GetBuildingsWithPromiseInteractorImplementation.swift in Sources */,
				E7FC27C222F1DB0C00EED267 /* CrashReporter.swift in Sources */,
				EA088E6C238DCA6D00CCA3EA /* GetBuildingsWithPromiseInteractor.swift in Sources */,
				EA088E74238DCBCF00CCA3EA /* BuildingsRepository.swift in Sources */,
				EA088E61238D588200CCA3EA /* HomePresenter.swift in Sources */,
				EA088E63238D588F00CCA3EA /* HomePresenterImplementation.swift in Sources */,
				496E5C491DEEF9820050EFB6 /* HelperAssembly.swift in Sources */,
				49595DCE1D93E11D003F1816 /* TargetSettings.swift in Sources */,
				E7B4FDCE22FDBEF900B39055 /* ViewStyle.swift in Sources */,
				92D26A34224B752D00C18FAE /* Assets.swift in Sources */,
				E7FC27C122F1DB0C00EED267 /* ModuleLauncher.swift in Sources */,
				92E4DC61214BB95400431471 /* DecodingError+Debug.swift in Sources */,
			);
			runOnlyForDeploymentPostprocessing = 0;
		};
/* End PBXSourcesBuildPhase section */

/* Begin PBXTargetDependency section */
		49B1F7841CE4B3DB00A29BFE /* PBXTargetDependency */ = {
			isa = PBXTargetDependency;
			target = 7A0EC64E1535D8ED00E5F54A /* CombineTest */;
			targetProxy = 49B1F7831CE4B3DB00A29BFE /* PBXContainerItemProxy */;
		};
/* End PBXTargetDependency section */

/* Begin XCBuildConfiguration section */
		49B1F7851CE4B3DB00A29BFE /* Stubs */ = {
			isa = XCBuildConfiguration;
			baseConfigurationReference = 9C9220CDCE8C495437E023DB /* Pods-CombineTestTests.stubs.xcconfig */;
			buildSettings = {
				BUNDLE_LOADER = "$(TEST_HOST)";
				CLANG_ANALYZER_NONNULL = YES;
				CLANG_CXX_LANGUAGE_STANDARD = "gnu++0x";
				CLANG_CXX_LIBRARY = "libc++";
				CLANG_ENABLE_OBJC_ARC = YES;
				CLANG_WARN_DIRECT_OBJC_ISA_USAGE = YES_ERROR;
				CLANG_WARN_OBJC_ROOT_CLASS = YES_ERROR;
				"CODE_SIGN_IDENTITY[sdk=iphoneos*]" = "iPhone Developer";
				COPY_PHASE_STRIP = NO;
				DEBUG_INFORMATION_FORMAT = dwarf;
				ENABLE_STRICT_OBJC_MSGSEND = YES;
				ENABLE_TESTABILITY = YES;
				GCC_WARN_ABOUT_RETURN_TYPE = YES_ERROR;
				GCC_WARN_UNINITIALIZED_AUTOS = YES_AGGRESSIVE;
				INFOPLIST_FILE = CombineTestTests/Info.plist;
				LD_RUNPATH_SEARCH_PATHS = "$(inherited) @executable_path/Frameworks @loader_path/Frameworks";
				MTL_ENABLE_DEBUG_INFO = YES;
				ONLY_ACTIVE_ARCH = YES;
				PRODUCT_BUNDLE_IDENTIFIER = applidium.CombineTestTests;
				PRODUCT_NAME = "$(TARGET_NAME)";
				SWIFT_OPTIMIZATION_LEVEL = "-Onone";
				SWIFT_VERSION = 5.0;
				TEST_HOST = "$(BUILT_PRODUCTS_DIR)/CombineTest.app/CombineTest";
			};
			name = Stubs;
		};
		49B1F7861CE4B3DB00A29BFE /* Preproduction */ = {
			isa = XCBuildConfiguration;
			baseConfigurationReference = F58BBA250BE675C419ED2946 /* Pods-CombineTestTests.preproduction.xcconfig */;
			buildSettings = {
				BUNDLE_LOADER = "$(TEST_HOST)";
				CLANG_ANALYZER_NONNULL = YES;
				CLANG_CXX_LANGUAGE_STANDARD = "gnu++0x";
				CLANG_CXX_LIBRARY = "libc++";
				CLANG_ENABLE_OBJC_ARC = YES;
				CLANG_WARN_DIRECT_OBJC_ISA_USAGE = YES_ERROR;
				CLANG_WARN_OBJC_ROOT_CLASS = YES_ERROR;
				"CODE_SIGN_IDENTITY[sdk=iphoneos*]" = "iPhone Developer";
				COPY_PHASE_STRIP = NO;
				DEBUG_INFORMATION_FORMAT = "dwarf-with-dsym";
				ENABLE_NS_ASSERTIONS = NO;
				ENABLE_STRICT_OBJC_MSGSEND = YES;
				GCC_WARN_ABOUT_RETURN_TYPE = YES_ERROR;
				GCC_WARN_UNINITIALIZED_AUTOS = YES_AGGRESSIVE;
				INFOPLIST_FILE = CombineTestTests/Info.plist;
				LD_RUNPATH_SEARCH_PATHS = "$(inherited) @executable_path/Frameworks @loader_path/Frameworks";
				MTL_ENABLE_DEBUG_INFO = NO;
				ONLY_ACTIVE_ARCH = YES;
				PRODUCT_BUNDLE_IDENTIFIER = applidium.CombineTestTests;
				PRODUCT_NAME = "$(TARGET_NAME)";
				SWIFT_OPTIMIZATION_LEVEL = "-Onone";
				SWIFT_VERSION = 5.0;
				TEST_HOST = "$(BUILT_PRODUCTS_DIR)/CombineTest.app/CombineTest";
			};
			name = Preproduction;
		};
		49B1F7871CE4B3DB00A29BFE /* Production */ = {
			isa = XCBuildConfiguration;
			baseConfigurationReference = 32D3D6308F00B6B8059A24E8 /* Pods-CombineTestTests.production.xcconfig */;
			buildSettings = {
				BUNDLE_LOADER = "$(TEST_HOST)";
				CLANG_ANALYZER_NONNULL = YES;
				CLANG_CXX_LANGUAGE_STANDARD = "gnu++0x";
				CLANG_CXX_LIBRARY = "libc++";
				CLANG_ENABLE_OBJC_ARC = YES;
				CLANG_WARN_DIRECT_OBJC_ISA_USAGE = YES_ERROR;
				CLANG_WARN_OBJC_ROOT_CLASS = YES_ERROR;
				"CODE_SIGN_IDENTITY[sdk=iphoneos*]" = "iPhone Developer";
				COPY_PHASE_STRIP = NO;
				DEBUG_INFORMATION_FORMAT = "dwarf-with-dsym";
				ENABLE_NS_ASSERTIONS = NO;
				ENABLE_STRICT_OBJC_MSGSEND = YES;
				GCC_WARN_ABOUT_RETURN_TYPE = YES_ERROR;
				GCC_WARN_UNINITIALIZED_AUTOS = YES_AGGRESSIVE;
				INFOPLIST_FILE = CombineTestTests/Info.plist;
				LD_RUNPATH_SEARCH_PATHS = "$(inherited) @executable_path/Frameworks @loader_path/Frameworks";
				MTL_ENABLE_DEBUG_INFO = NO;
				ONLY_ACTIVE_ARCH = YES;
				PRODUCT_BUNDLE_IDENTIFIER = applidium.CombineTestTests;
				PRODUCT_NAME = "$(TARGET_NAME)";
				SWIFT_OPTIMIZATION_LEVEL = "-Onone";
				SWIFT_VERSION = 5.0;
				TEST_HOST = "$(BUILT_PRODUCTS_DIR)/CombineTest.app/CombineTest";
			};
			name = Production;
		};
		49B1F7881CE4B3DB00A29BFE /* Distribution */ = {
			isa = XCBuildConfiguration;
			baseConfigurationReference = 4131DA2D9333046F6E9F313E /* Pods-CombineTestTests.distribution.xcconfig */;
			buildSettings = {
				BUNDLE_LOADER = "$(TEST_HOST)";
				CLANG_ANALYZER_NONNULL = YES;
				CLANG_CXX_LANGUAGE_STANDARD = "gnu++0x";
				CLANG_CXX_LIBRARY = "libc++";
				CLANG_ENABLE_OBJC_ARC = YES;
				CLANG_WARN_DIRECT_OBJC_ISA_USAGE = YES_ERROR;
				CLANG_WARN_OBJC_ROOT_CLASS = YES_ERROR;
				"CODE_SIGN_IDENTITY[sdk=iphoneos*]" = "iPhone Developer";
				COPY_PHASE_STRIP = NO;
				DEBUG_INFORMATION_FORMAT = "dwarf-with-dsym";
				ENABLE_NS_ASSERTIONS = NO;
				ENABLE_STRICT_OBJC_MSGSEND = YES;
				GCC_WARN_ABOUT_RETURN_TYPE = YES_ERROR;
				GCC_WARN_UNINITIALIZED_AUTOS = YES_AGGRESSIVE;
				INFOPLIST_FILE = CombineTestTests/Info.plist;
				LD_RUNPATH_SEARCH_PATHS = "$(inherited) @executable_path/Frameworks @loader_path/Frameworks";
				MTL_ENABLE_DEBUG_INFO = NO;
				ONLY_ACTIVE_ARCH = YES;
				PRODUCT_BUNDLE_IDENTIFIER = applidium.CombineTestTests;
				PRODUCT_NAME = "$(TARGET_NAME)";
				SWIFT_VERSION = 5.0;
				TEST_HOST = "$(BUILT_PRODUCTS_DIR)/CombineTest.app/CombineTest";
			};
			name = Distribution;
		};
		7A0EC6651535D8ED00E5F54A /* Stubs */ = {
			isa = XCBuildConfiguration;
			buildSettings = {
				ALWAYS_SEARCH_USER_PATHS = NO;
				CLANG_ALLOW_NON_MODULAR_INCLUDES_IN_FRAMEWORK_MODULES = YES;
				CLANG_ANALYZER_LOCALIZABILITY_NONLOCALIZED = YES;
				CLANG_ENABLE_MODULES = YES;
				CLANG_WARN_BLOCK_CAPTURE_AUTORELEASING = YES;
				CLANG_WARN_BOOL_CONVERSION = YES;
				CLANG_WARN_COMMA = YES;
				CLANG_WARN_CONSTANT_CONVERSION = YES;
				CLANG_WARN_DEPRECATED_OBJC_IMPLEMENTATIONS = YES;
				CLANG_WARN_EMPTY_BODY = YES;
				CLANG_WARN_ENUM_CONVERSION = YES;
				CLANG_WARN_INFINITE_RECURSION = YES;
				CLANG_WARN_INT_CONVERSION = YES;
				CLANG_WARN_NON_LITERAL_NULL_CONVERSION = YES;
				CLANG_WARN_OBJC_IMPLICIT_RETAIN_SELF = YES;
				CLANG_WARN_OBJC_LITERAL_CONVERSION = YES;
				CLANG_WARN_RANGE_LOOP_ANALYSIS = YES;
				CLANG_WARN_STRICT_PROTOTYPES = YES;
				CLANG_WARN_SUSPICIOUS_MOVE = YES;
				CLANG_WARN_UNREACHABLE_CODE = YES;
				CLANG_WARN__DUPLICATE_METHOD_MATCH = YES;
				COPY_PHASE_STRIP = NO;
				CURRENT_PROJECT_VERSION = 1;
				ENABLE_STRICT_OBJC_MSGSEND = YES;
				GCC_C_LANGUAGE_STANDARD = gnu99;
				GCC_DYNAMIC_NO_PIC = NO;
				GCC_NO_COMMON_BLOCKS = YES;
				GCC_OPTIMIZATION_LEVEL = 0;
				GCC_PREPROCESSOR_DEFINITIONS = (
					"CONFIGURATION=$(CONFIGURATION)",
					"$(inherited)",
					"DEBUG=1",
				);
				GCC_SYMBOLS_PRIVATE_EXTERN = NO;
				GCC_VERSION = com.apple.compilers.llvm.clang.1_0;
				GCC_WARN_64_TO_32_BIT_CONVERSION = YES;
				GCC_WARN_ABOUT_RETURN_TYPE = YES;
				GCC_WARN_UNDECLARED_SELECTOR = YES;
				GCC_WARN_UNINITIALIZED_AUTOS = YES;
				GCC_WARN_UNUSED_FUNCTION = YES;
				GCC_WARN_UNUSED_VARIABLE = YES;
				IPHONEOS_DEPLOYMENT_TARGET = 13.0;
				PROVISIONING_PROFILE_SPECIFIER = "$(PROFILE_UUID_0)";
				SDKROOT = iphoneos;
				SWIFT_COMPILATION_MODE = wholemodule;
				SWIFT_VERSION = 4.2;
				VERSIONING_SYSTEM = "apple-generic";
			};
			name = Stubs;
		};
		7A0EC6681535D8ED00E5F54A /* Stubs */ = {
			isa = XCBuildConfiguration;
			baseConfigurationReference = FBD4BCB796711E590FFB6FC9 /* Pods-CombineTest.stubs.xcconfig */;
			buildSettings = {
				ASSETCATALOG_COMPILER_APPICON_NAME = AppIcon;
				CLANG_ENABLE_MODULES = YES;
				CLANG_ENABLE_OBJC_ARC = YES;
				"CODE_SIGN_IDENTITY[sdk=iphoneos*]" = "iPhone Developer";
				DEVELOPMENT_TEAM = U5M7X5V6ZG;
				ENABLE_TESTABILITY = YES;
				GCC_PRECOMPILE_PREFIX_HEADER = YES;
				GCC_PREFIX_HEADER = "CombineTest-Prefix.pch";
				INFOPLIST_FILE = "Configuration/CombineTest/CombineTest-Info.plist";
				LD_RUNPATH_SEARCH_PATHS = "$(inherited) @executable_path/Frameworks";
				OTHER_SWIFT_FLAGS = "$(inherited) \"-D\" \"COCOAPODS\" -D DEBUG_TOOL_KIT";
				PRODUCT_BUNDLE_IDENTIFIER = com.applidium.CombineTest;
				PRODUCT_MODULE_NAME = "$(TARGET_NAME)";
				PRODUCT_NAME = "$(TARGET_NAME)";
				SWIFT_OBJC_BRIDGING_HEADER = "Classes/CombineTest-Bridging-Header.h";
				SWIFT_OPTIMIZATION_LEVEL = "-Onone";
				SWIFT_VERSION = 5.0;
				WRAPPER_EXTENSION = app;
			};
			name = Stubs;
		};
		7A6BEEF71536FE3D0075E2A7 /* Distribution */ = {
			isa = XCBuildConfiguration;
			buildSettings = {
				ALWAYS_SEARCH_USER_PATHS = NO;
				CLANG_ALLOW_NON_MODULAR_INCLUDES_IN_FRAMEWORK_MODULES = YES;
				CLANG_ANALYZER_LOCALIZABILITY_NONLOCALIZED = YES;
				CLANG_ENABLE_MODULES = YES;
				CLANG_WARN_BLOCK_CAPTURE_AUTORELEASING = YES;
				CLANG_WARN_BOOL_CONVERSION = YES;
				CLANG_WARN_COMMA = YES;
				CLANG_WARN_CONSTANT_CONVERSION = YES;
				CLANG_WARN_DEPRECATED_OBJC_IMPLEMENTATIONS = YES;
				CLANG_WARN_EMPTY_BODY = YES;
				CLANG_WARN_ENUM_CONVERSION = YES;
				CLANG_WARN_INFINITE_RECURSION = YES;
				CLANG_WARN_INT_CONVERSION = YES;
				CLANG_WARN_NON_LITERAL_NULL_CONVERSION = YES;
				CLANG_WARN_OBJC_IMPLICIT_RETAIN_SELF = YES;
				CLANG_WARN_OBJC_LITERAL_CONVERSION = YES;
				CLANG_WARN_RANGE_LOOP_ANALYSIS = YES;
				CLANG_WARN_STRICT_PROTOTYPES = YES;
				CLANG_WARN_SUSPICIOUS_MOVE = YES;
				CLANG_WARN_UNREACHABLE_CODE = YES;
				CLANG_WARN__DUPLICATE_METHOD_MATCH = YES;
				COPY_PHASE_STRIP = YES;
				CURRENT_PROJECT_VERSION = 1;
				ENABLE_STRICT_OBJC_MSGSEND = YES;
				GCC_C_LANGUAGE_STANDARD = gnu99;
				GCC_NO_COMMON_BLOCKS = YES;
				GCC_PREPROCESSOR_DEFINITIONS = (
					"CONFIGURATION=$(CONFIGURATION)",
					"$(inherited)",
				);
				GCC_VERSION = com.apple.compilers.llvm.clang.1_0;
				GCC_WARN_64_TO_32_BIT_CONVERSION = YES;
				GCC_WARN_ABOUT_RETURN_TYPE = YES;
				GCC_WARN_UNDECLARED_SELECTOR = YES;
				GCC_WARN_UNINITIALIZED_AUTOS = YES;
				GCC_WARN_UNUSED_FUNCTION = YES;
				GCC_WARN_UNUSED_VARIABLE = YES;
				IPHONEOS_DEPLOYMENT_TARGET = 13.0;
				OTHER_CFLAGS = "-DNS_BLOCK_ASSERTIONS=1";
				PROVISIONING_PROFILE_SPECIFIER = "$(PROFILE_UUID_0)";
				SDKROOT = iphoneos;
				SWIFT_COMPILATION_MODE = wholemodule;
				SWIFT_VERSION = 4.2;
				VALIDATE_PRODUCT = YES;
				VERSIONING_SYSTEM = "apple-generic";
			};
			name = Distribution;
		};
		7A6BEEF81536FE3D0075E2A7 /* Distribution */ = {
			isa = XCBuildConfiguration;
			baseConfigurationReference = 6E6A3AE8E44734C6530AC046 /* Pods-CombineTest.distribution.xcconfig */;
			buildSettings = {
				ASSETCATALOG_COMPILER_APPICON_NAME = AppIcon;
				CLANG_ENABLE_MODULES = YES;
				CLANG_ENABLE_OBJC_ARC = YES;
				"CODE_SIGN_IDENTITY[sdk=iphoneos*]" = "iPhone Developer";
				DEVELOPMENT_TEAM = U5M7X5V6ZG;
				GCC_PRECOMPILE_PREFIX_HEADER = YES;
				GCC_PREFIX_HEADER = "CombineTest-Prefix.pch";
				INFOPLIST_FILE = "Configuration/CombineTest/CombineTest-Info.plist";
				LD_RUNPATH_SEARCH_PATHS = "$(inherited) @executable_path/Frameworks";
				PRODUCT_BUNDLE_IDENTIFIER = com.applidium.CombineTest;
				PRODUCT_MODULE_NAME = "$(TARGET_NAME)";
				PRODUCT_NAME = "$(TARGET_NAME)";
				SWIFT_OBJC_BRIDGING_HEADER = "Classes/CombineTest-Bridging-Header.h";
				SWIFT_VERSION = 5.0;
				WRAPPER_EXTENSION = app;
			};
			name = Distribution;
		};
		F88C93CE1A66D9D8009EB642 /* Preproduction */ = {
			isa = XCBuildConfiguration;
			buildSettings = {
				ALWAYS_SEARCH_USER_PATHS = NO;
				CLANG_ALLOW_NON_MODULAR_INCLUDES_IN_FRAMEWORK_MODULES = YES;
				CLANG_ANALYZER_LOCALIZABILITY_NONLOCALIZED = YES;
				CLANG_ENABLE_MODULES = YES;
				CLANG_WARN_BLOCK_CAPTURE_AUTORELEASING = YES;
				CLANG_WARN_BOOL_CONVERSION = YES;
				CLANG_WARN_COMMA = YES;
				CLANG_WARN_CONSTANT_CONVERSION = YES;
				CLANG_WARN_DEPRECATED_OBJC_IMPLEMENTATIONS = YES;
				CLANG_WARN_EMPTY_BODY = YES;
				CLANG_WARN_ENUM_CONVERSION = YES;
				CLANG_WARN_INFINITE_RECURSION = YES;
				CLANG_WARN_INT_CONVERSION = YES;
				CLANG_WARN_NON_LITERAL_NULL_CONVERSION = YES;
				CLANG_WARN_OBJC_IMPLICIT_RETAIN_SELF = YES;
				CLANG_WARN_OBJC_LITERAL_CONVERSION = YES;
				CLANG_WARN_RANGE_LOOP_ANALYSIS = YES;
				CLANG_WARN_STRICT_PROTOTYPES = YES;
				CLANG_WARN_SUSPICIOUS_MOVE = YES;
				CLANG_WARN_UNREACHABLE_CODE = YES;
				CLANG_WARN__DUPLICATE_METHOD_MATCH = YES;
				COPY_PHASE_STRIP = NO;
				CURRENT_PROJECT_VERSION = 1;
				ENABLE_STRICT_OBJC_MSGSEND = YES;
				GCC_C_LANGUAGE_STANDARD = gnu99;
				GCC_DYNAMIC_NO_PIC = NO;
				GCC_NO_COMMON_BLOCKS = YES;
				GCC_OPTIMIZATION_LEVEL = 0;
				GCC_PREPROCESSOR_DEFINITIONS = (
					"CONFIGURATION=$(CONFIGURATION)",
					"$(inherited)",
				);
				GCC_SYMBOLS_PRIVATE_EXTERN = NO;
				GCC_VERSION = com.apple.compilers.llvm.clang.1_0;
				GCC_WARN_64_TO_32_BIT_CONVERSION = YES;
				GCC_WARN_ABOUT_RETURN_TYPE = YES;
				GCC_WARN_UNDECLARED_SELECTOR = YES;
				GCC_WARN_UNINITIALIZED_AUTOS = YES;
				GCC_WARN_UNUSED_FUNCTION = YES;
				GCC_WARN_UNUSED_VARIABLE = YES;
				IPHONEOS_DEPLOYMENT_TARGET = 13.0;
				PROVISIONING_PROFILE_SPECIFIER = "$(PROFILE_UUID_0)";
				SDKROOT = iphoneos;
				SWIFT_COMPILATION_MODE = wholemodule;
				SWIFT_VERSION = 4.2;
				VERSIONING_SYSTEM = "apple-generic";
			};
			name = Preproduction;
		};
		F88C93CF1A66D9D8009EB642 /* Preproduction */ = {
			isa = XCBuildConfiguration;
			baseConfigurationReference = 147C172E570244B76E9A8609 /* Pods-CombineTest.preproduction.xcconfig */;
			buildSettings = {
				ASSETCATALOG_COMPILER_APPICON_NAME = AppIcon;
				CLANG_ENABLE_MODULES = YES;
				CLANG_ENABLE_OBJC_ARC = YES;
				"CODE_SIGN_IDENTITY[sdk=iphoneos*]" = "iPhone Developer";
				DEVELOPMENT_TEAM = U5M7X5V6ZG;
				GCC_PRECOMPILE_PREFIX_HEADER = YES;
				GCC_PREFIX_HEADER = "CombineTest-Prefix.pch";
				INFOPLIST_FILE = "Configuration/CombineTest/CombineTest-Info.plist";
				LD_RUNPATH_SEARCH_PATHS = "$(inherited) @executable_path/Frameworks";
				OTHER_SWIFT_FLAGS = "$(inherited) \"-D\" \"COCOAPODS\" -D DEBUG_TOOL_KIT";
				PRODUCT_BUNDLE_IDENTIFIER = com.applidium.CombineTest;
				PRODUCT_MODULE_NAME = "$(TARGET_NAME)";
				PRODUCT_NAME = "$(TARGET_NAME)";
				SWIFT_OBJC_BRIDGING_HEADER = "Classes/CombineTest-Bridging-Header.h";
				SWIFT_OPTIMIZATION_LEVEL = "-Onone";
				SWIFT_VERSION = 5.0;
				WRAPPER_EXTENSION = app;
			};
			name = Preproduction;
		};
		F88C93D01A66DA0D009EB642 /* Production */ = {
			isa = XCBuildConfiguration;
			buildSettings = {
				ALWAYS_SEARCH_USER_PATHS = NO;
				CLANG_ALLOW_NON_MODULAR_INCLUDES_IN_FRAMEWORK_MODULES = YES;
				CLANG_ANALYZER_LOCALIZABILITY_NONLOCALIZED = YES;
				CLANG_ENABLE_MODULES = YES;
				CLANG_WARN_BLOCK_CAPTURE_AUTORELEASING = YES;
				CLANG_WARN_BOOL_CONVERSION = YES;
				CLANG_WARN_COMMA = YES;
				CLANG_WARN_CONSTANT_CONVERSION = YES;
				CLANG_WARN_DEPRECATED_OBJC_IMPLEMENTATIONS = YES;
				CLANG_WARN_EMPTY_BODY = YES;
				CLANG_WARN_ENUM_CONVERSION = YES;
				CLANG_WARN_INFINITE_RECURSION = YES;
				CLANG_WARN_INT_CONVERSION = YES;
				CLANG_WARN_NON_LITERAL_NULL_CONVERSION = YES;
				CLANG_WARN_OBJC_IMPLICIT_RETAIN_SELF = YES;
				CLANG_WARN_OBJC_LITERAL_CONVERSION = YES;
				CLANG_WARN_RANGE_LOOP_ANALYSIS = YES;
				CLANG_WARN_STRICT_PROTOTYPES = YES;
				CLANG_WARN_SUSPICIOUS_MOVE = YES;
				CLANG_WARN_UNREACHABLE_CODE = YES;
				CLANG_WARN__DUPLICATE_METHOD_MATCH = YES;
				COPY_PHASE_STRIP = NO;
				CURRENT_PROJECT_VERSION = 1;
				ENABLE_STRICT_OBJC_MSGSEND = YES;
				GCC_C_LANGUAGE_STANDARD = gnu99;
				GCC_DYNAMIC_NO_PIC = NO;
				GCC_NO_COMMON_BLOCKS = YES;
				GCC_OPTIMIZATION_LEVEL = 0;
				GCC_PREPROCESSOR_DEFINITIONS = (
					"CONFIGURATION=$(CONFIGURATION)",
					"$(inherited)",
				);
				GCC_SYMBOLS_PRIVATE_EXTERN = NO;
				GCC_VERSION = com.apple.compilers.llvm.clang.1_0;
				GCC_WARN_64_TO_32_BIT_CONVERSION = YES;
				GCC_WARN_ABOUT_RETURN_TYPE = YES;
				GCC_WARN_UNDECLARED_SELECTOR = YES;
				GCC_WARN_UNINITIALIZED_AUTOS = YES;
				GCC_WARN_UNUSED_FUNCTION = YES;
				GCC_WARN_UNUSED_VARIABLE = YES;
				IPHONEOS_DEPLOYMENT_TARGET = 13.0;
				PROVISIONING_PROFILE_SPECIFIER = "$(PROFILE_UUID_0)";
				SDKROOT = iphoneos;
				SWIFT_COMPILATION_MODE = wholemodule;
				SWIFT_VERSION = 4.2;
				VERSIONING_SYSTEM = "apple-generic";
			};
			name = Production;
		};
		F88C93D11A66DA0D009EB642 /* Production */ = {
			isa = XCBuildConfiguration;
			baseConfigurationReference = 4A08E56FF1A2E6E1D873D90F /* Pods-CombineTest.production.xcconfig */;
			buildSettings = {
				ASSETCATALOG_COMPILER_APPICON_NAME = AppIcon;
				CLANG_ENABLE_MODULES = YES;
				CLANG_ENABLE_OBJC_ARC = YES;
				"CODE_SIGN_IDENTITY[sdk=iphoneos*]" = "iPhone Developer";
				DEVELOPMENT_TEAM = U5M7X5V6ZG;
				GCC_PRECOMPILE_PREFIX_HEADER = YES;
				GCC_PREFIX_HEADER = "CombineTest-Prefix.pch";
				INFOPLIST_FILE = "Configuration/CombineTest/CombineTest-Info.plist";
				LD_RUNPATH_SEARCH_PATHS = "$(inherited) @executable_path/Frameworks";
				PRODUCT_BUNDLE_IDENTIFIER = com.applidium.CombineTest;
				PRODUCT_MODULE_NAME = "$(TARGET_NAME)";
				PRODUCT_NAME = "$(TARGET_NAME)";
				SWIFT_OBJC_BRIDGING_HEADER = "Classes/CombineTest-Bridging-Header.h";
				SWIFT_OPTIMIZATION_LEVEL = "-Onone";
				SWIFT_VERSION = 5.0;
				WRAPPER_EXTENSION = app;
			};
			name = Production;
		};
/* End XCBuildConfiguration section */

/* Begin XCConfigurationList section */
		49B1F7891CE4B3DB00A29BFE /* Build configuration list for PBXNativeTarget "CombineTestTests" */ = {
			isa = XCConfigurationList;
			buildConfigurations = (
				49B1F7851CE4B3DB00A29BFE /* Stubs */,
				49B1F7861CE4B3DB00A29BFE /* Preproduction */,
				49B1F7871CE4B3DB00A29BFE /* Production */,
				49B1F7881CE4B3DB00A29BFE /* Distribution */,
			);
			defaultConfigurationIsVisible = 0;
			defaultConfigurationName = Distribution;
		};
		7A0EC6491535D8ED00E5F54A /* Build configuration list for PBXProject "CombineTest" */ = {
			isa = XCConfigurationList;
			buildConfigurations = (
				7A0EC6651535D8ED00E5F54A /* Stubs */,
				F88C93CE1A66D9D8009EB642 /* Preproduction */,
				F88C93D01A66DA0D009EB642 /* Production */,
				7A6BEEF71536FE3D0075E2A7 /* Distribution */,
			);
			defaultConfigurationIsVisible = 0;
			defaultConfigurationName = Distribution;
		};
		7A0EC6671535D8ED00E5F54A /* Build configuration list for PBXNativeTarget "CombineTest" */ = {
			isa = XCConfigurationList;
			buildConfigurations = (
				7A0EC6681535D8ED00E5F54A /* Stubs */,
				F88C93CF1A66D9D8009EB642 /* Preproduction */,
				F88C93D11A66DA0D009EB642 /* Production */,
				7A6BEEF81536FE3D0075E2A7 /* Distribution */,
			);
			defaultConfigurationIsVisible = 0;
			defaultConfigurationName = Distribution;
		};
/* End XCConfigurationList section */
	};
	rootObject = 7A0EC6461535D8ED00E5F54A /* Project object */;
}
